// !$*UTF8*$!
{
	archiveVersion = 1;
	classes = {
	};
	objectVersion = 50;
	objects = {

/* Begin PBXBuildFile section */
		76773E8B24CC8274004DC075 /* FamilyKit.framework in Frameworks */ = {isa = PBXBuildFile; fileRef = 76773E8124CC8274004DC075 /* FamilyKit.framework */; };
		76773E9024CC8274004DC075 /* FamilyKitTests.swift in Sources */ = {isa = PBXBuildFile; fileRef = 76773E8F24CC8274004DC075 /* FamilyKitTests.swift */; };
		76773E9224CC8274004DC075 /* FamilyKit.h in Headers */ = {isa = PBXBuildFile; fileRef = 76773E8424CC8274004DC075 /* FamilyKit.h */; settings = {ATTRIBUTES = (Public, ); }; };
		76773EAA24CC82D3004DC075 /* CKUser.swift in Sources */ = {isa = PBXBuildFile; fileRef = 76773EA924CC82D3004DC075 /* CKUser.swift */; };
		76773EAC24CC839C004DC075 /* CKKidModel.swift in Sources */ = {isa = PBXBuildFile; fileRef = 76773EAB24CC839C004DC075 /* CKKidModel.swift */; };
		76773EAE24CC8407004DC075 /* CKChoreModel.swift in Sources */ = {isa = PBXBuildFile; fileRef = 76773EAD24CC8407004DC075 /* CKChoreModel.swift */; };
		76773EB024CC8473004DC075 /* CKPublicModelService.swift in Sources */ = {isa = PBXBuildFile; fileRef = 76773EAF24CC8473004DC075 /* CKPublicModelService.swift */; };
		76773EB324CC84BE004DC075 /* CKModel.swift in Sources */ = {isa = PBXBuildFile; fileRef = 76773EB224CC84BE004DC075 /* CKModel.swift */; };
		76773EB524CC898C004DC075 /* CKFunModel.swift in Sources */ = {isa = PBXBuildFile; fileRef = 76773EB424CC898C004DC075 /* CKFunModel.swift */; };
		76773EB724CC899A004DC075 /* CKConnectModel.swift in Sources */ = {isa = PBXBuildFile; fileRef = 76773EB624CC8999004DC075 /* CKConnectModel.swift */; };
		768FF5F924D1C22700AD7E0B /* AppDelegate.swift in Sources */ = {isa = PBXBuildFile; fileRef = 768FF5F824D1C22700AD7E0B /* AppDelegate.swift */; };
		768FF5FB24D1C22700AD7E0B /* SceneDelegate.swift in Sources */ = {isa = PBXBuildFile; fileRef = 768FF5FA24D1C22700AD7E0B /* SceneDelegate.swift */; };
		768FF5FD24D1C22700AD7E0B /* ContentView.swift in Sources */ = {isa = PBXBuildFile; fileRef = 768FF5FC24D1C22700AD7E0B /* ContentView.swift */; };
		768FF5FF24D1C22800AD7E0B /* Assets.xcassets in Resources */ = {isa = PBXBuildFile; fileRef = 768FF5FE24D1C22800AD7E0B /* Assets.xcassets */; };
		768FF60224D1C22800AD7E0B /* Preview Assets.xcassets in Resources */ = {isa = PBXBuildFile; fileRef = 768FF60124D1C22800AD7E0B /* Preview Assets.xcassets */; };
		768FF60524D1C22800AD7E0B /* LaunchScreen.storyboard in Resources */ = {isa = PBXBuildFile; fileRef = 768FF60324D1C22800AD7E0B /* LaunchScreen.storyboard */; };
		768FF61024D1C22800AD7E0B /* FamilyKitDemoTests.swift in Sources */ = {isa = PBXBuildFile; fileRef = 768FF60F24D1C22800AD7E0B /* FamilyKitDemoTests.swift */; };
		768FF61B24D1C22800AD7E0B /* FamilyKitDemoUITests.swift in Sources */ = {isa = PBXBuildFile; fileRef = 768FF61A24D1C22800AD7E0B /* FamilyKitDemoUITests.swift */; };
		768FF62724D1C24100AD7E0B /* FamilyKit.framework in Frameworks */ = {isa = PBXBuildFile; fileRef = 76773E8124CC8274004DC075 /* FamilyKit.framework */; };
		768FF62824D1C24100AD7E0B /* FamilyKit.framework in Embed Frameworks */ = {isa = PBXBuildFile; fileRef = 76773E8124CC8274004DC075 /* FamilyKit.framework */; settings = {ATTRIBUTES = (CodeSignOnCopy, RemoveHeadersOnCopy, ); }; };
		768FF63424D1C50700AD7E0B /* CKUserService.swift in Sources */ = {isa = PBXBuildFile; fileRef = 768FF63324D1C50700AD7E0B /* CKUserService.swift */; };
		768FF63724D1C57C00AD7E0B /* CloudKit.framework in Frameworks */ = {isa = PBXBuildFile; fileRef = 768FF63624D1C57C00AD7E0B /* CloudKit.framework */; };
		768FF63924D1C65900AD7E0B /* CKUserView.swift in Sources */ = {isa = PBXBuildFile; fileRef = 768FF63824D1C65900AD7E0B /* CKUserView.swift */; };
		768FF63B24D1C66700AD7E0B /* CKKidDetailView.swift in Sources */ = {isa = PBXBuildFile; fileRef = 768FF63A24D1C66700AD7E0B /* CKKidDetailView.swift */; };
		768FF63D24D1C66F00AD7E0B /* CKChoreView.swift in Sources */ = {isa = PBXBuildFile; fileRef = 768FF63C24D1C66F00AD7E0B /* CKChoreView.swift */; };
		768FF68024D1E3E200AD7E0B /* CKPublicModelService+CRUD.swift in Sources */ = {isa = PBXBuildFile; fileRef = 768FF67F24D1E3E200AD7E0B /* CKPublicModelService+CRUD.swift */; };
		768FF68224D1E3F200AD7E0B /* CKPublicModelService+Subscriptions.swift in Sources */ = {isa = PBXBuildFile; fileRef = 768FF68124D1E3F200AD7E0B /* CKPublicModelService+Subscriptions.swift */; };
		768FF68424D1E51600AD7E0B /* CKChoreDetailView.swift in Sources */ = {isa = PBXBuildFile; fileRef = 768FF68324D1E51600AD7E0B /* CKChoreDetailView.swift */; };
		768FF68924D207B200AD7E0B /* FamilyKitState.swift in Sources */ = {isa = PBXBuildFile; fileRef = 768FF68824D207B200AD7E0B /* FamilyKitState.swift */; };
		768FF68E24D2292800AD7E0B /* CKFunDetailView.swift in Sources */ = {isa = PBXBuildFile; fileRef = 768FF68D24D2292800AD7E0B /* CKFunDetailView.swift */; };
		768FF69024D2293300AD7E0B /* CKConnectDetailView.swift in Sources */ = {isa = PBXBuildFile; fileRef = 768FF68F24D2293300AD7E0B /* CKConnectDetailView.swift */; };
		768FF69324D22A0200AD7E0B /* CKFunView.swift in Sources */ = {isa = PBXBuildFile; fileRef = 768FF69224D22A0200AD7E0B /* CKFunView.swift */; };
		768FF69524D22A0F00AD7E0B /* CKConnectView.swift in Sources */ = {isa = PBXBuildFile; fileRef = 768FF69424D22A0F00AD7E0B /* CKConnectView.swift */; };
		768FF69824D306CE00AD7E0B /* PlayerPickerView.swift in Sources */ = {isa = PBXBuildFile; fileRef = 768FF69724D306CE00AD7E0B /* PlayerPickerView.swift */; };
		768FF69A24D3071400AD7E0B /* CloudKitStatusView.swift in Sources */ = {isa = PBXBuildFile; fileRef = 768FF69924D3071400AD7E0B /* CloudKitStatusView.swift */; };
		768FF6A024D315B200AD7E0B /* CKPrivateModelService+CRUD.swift in Sources */ = {isa = PBXBuildFile; fileRef = 768FF69D24D315B200AD7E0B /* CKPrivateModelService+CRUD.swift */; };
		768FF6A124D315B200AD7E0B /* CKPrivateModelService.swift in Sources */ = {isa = PBXBuildFile; fileRef = 768FF69E24D315B200AD7E0B /* CKPrivateModelService.swift */; };
		768FF6A224D315B200AD7E0B /* CKPrivateModelService+Subscriptions.swift in Sources */ = {isa = PBXBuildFile; fileRef = 768FF69F24D315B200AD7E0B /* CKPrivateModelService+Subscriptions.swift */; };
		768FF6A424D3272B00AD7E0B /* CKAdultModel.swift in Sources */ = {isa = PBXBuildFile; fileRef = 768FF6A324D3272B00AD7E0B /* CKAdultModel.swift */; };
/* End PBXBuildFile section */

/* Begin PBXContainerItemProxy section */
		76773E8C24CC8274004DC075 /* PBXContainerItemProxy */ = {
			isa = PBXContainerItemProxy;
			containerPortal = 76773E7824CC8273004DC075 /* Project object */;
			proxyType = 1;
			remoteGlobalIDString = 76773E8024CC8274004DC075;
			remoteInfo = FamilyKit;
		};
		768FF60C24D1C22800AD7E0B /* PBXContainerItemProxy */ = {
			isa = PBXContainerItemProxy;
			containerPortal = 76773E7824CC8273004DC075 /* Project object */;
			proxyType = 1;
			remoteGlobalIDString = 768FF5F524D1C22700AD7E0B;
			remoteInfo = FamilyKitDemo;
		};
		768FF61724D1C22800AD7E0B /* PBXContainerItemProxy */ = {
			isa = PBXContainerItemProxy;
			containerPortal = 76773E7824CC8273004DC075 /* Project object */;
			proxyType = 1;
			remoteGlobalIDString = 768FF5F524D1C22700AD7E0B;
			remoteInfo = FamilyKitDemo;
		};
		768FF62924D1C24100AD7E0B /* PBXContainerItemProxy */ = {
			isa = PBXContainerItemProxy;
			containerPortal = 76773E7824CC8273004DC075 /* Project object */;
			proxyType = 1;
			remoteGlobalIDString = 76773E8024CC8274004DC075;
			remoteInfo = FamilyKit;
		};
/* End PBXContainerItemProxy section */

/* Begin PBXCopyFilesBuildPhase section */
		768FF62B24D1C24100AD7E0B /* Embed Frameworks */ = {
			isa = PBXCopyFilesBuildPhase;
			buildActionMask = 2147483647;
			dstPath = "";
			dstSubfolderSpec = 10;
			files = (
				768FF62824D1C24100AD7E0B /* FamilyKit.framework in Embed Frameworks */,
			);
			name = "Embed Frameworks";
			runOnlyForDeploymentPostprocessing = 0;
		};
/* End PBXCopyFilesBuildPhase section */

/* Begin PBXFileReference section */
		76773E8124CC8274004DC075 /* FamilyKit.framework */ = {isa = PBXFileReference; explicitFileType = wrapper.framework; includeInIndex = 0; path = FamilyKit.framework; sourceTree = BUILT_PRODUCTS_DIR; };
		76773E8424CC8274004DC075 /* FamilyKit.h */ = {isa = PBXFileReference; lastKnownFileType = sourcecode.c.h; path = FamilyKit.h; sourceTree = "<group>"; };
		76773E8524CC8274004DC075 /* Info.plist */ = {isa = PBXFileReference; lastKnownFileType = text.plist.xml; path = Info.plist; sourceTree = "<group>"; };
		76773E8A24CC8274004DC075 /* FamilyKitTests.xctest */ = {isa = PBXFileReference; explicitFileType = wrapper.cfbundle; includeInIndex = 0; path = FamilyKitTests.xctest; sourceTree = BUILT_PRODUCTS_DIR; };
		76773E8F24CC8274004DC075 /* FamilyKitTests.swift */ = {isa = PBXFileReference; lastKnownFileType = sourcecode.swift; path = FamilyKitTests.swift; sourceTree = "<group>"; };
		76773E9124CC8274004DC075 /* Info.plist */ = {isa = PBXFileReference; lastKnownFileType = text.plist.xml; path = Info.plist; sourceTree = "<group>"; };
		76773EA924CC82D3004DC075 /* CKUser.swift */ = {isa = PBXFileReference; lastKnownFileType = sourcecode.swift; path = CKUser.swift; sourceTree = "<group>"; };
		76773EAB24CC839C004DC075 /* CKKidModel.swift */ = {isa = PBXFileReference; lastKnownFileType = sourcecode.swift; path = CKKidModel.swift; sourceTree = "<group>"; };
		76773EAD24CC8407004DC075 /* CKChoreModel.swift */ = {isa = PBXFileReference; lastKnownFileType = sourcecode.swift; path = CKChoreModel.swift; sourceTree = "<group>"; };
		76773EAF24CC8473004DC075 /* CKPublicModelService.swift */ = {isa = PBXFileReference; lastKnownFileType = sourcecode.swift; path = CKPublicModelService.swift; sourceTree = "<group>"; };
		76773EB224CC84BE004DC075 /* CKModel.swift */ = {isa = PBXFileReference; lastKnownFileType = sourcecode.swift; path = CKModel.swift; sourceTree = "<group>"; };
		76773EB424CC898C004DC075 /* CKFunModel.swift */ = {isa = PBXFileReference; lastKnownFileType = sourcecode.swift; path = CKFunModel.swift; sourceTree = "<group>"; };
		76773EB624CC8999004DC075 /* CKConnectModel.swift */ = {isa = PBXFileReference; lastKnownFileType = sourcecode.swift; path = CKConnectModel.swift; sourceTree = "<group>"; };
		76773F2724CCB0D4004DC075 /* README.md */ = {isa = PBXFileReference; fileEncoding = 4; lastKnownFileType = net.daringfireball.markdown; path = README.md; sourceTree = "<group>"; };
		768FF5F624D1C22700AD7E0B /* FamilyKitDemo.app */ = {isa = PBXFileReference; explicitFileType = wrapper.application; includeInIndex = 0; path = FamilyKitDemo.app; sourceTree = BUILT_PRODUCTS_DIR; };
		768FF5F824D1C22700AD7E0B /* AppDelegate.swift */ = {isa = PBXFileReference; lastKnownFileType = sourcecode.swift; path = AppDelegate.swift; sourceTree = "<group>"; };
		768FF5FA24D1C22700AD7E0B /* SceneDelegate.swift */ = {isa = PBXFileReference; lastKnownFileType = sourcecode.swift; path = SceneDelegate.swift; sourceTree = "<group>"; };
		768FF5FC24D1C22700AD7E0B /* ContentView.swift */ = {isa = PBXFileReference; lastKnownFileType = sourcecode.swift; path = ContentView.swift; sourceTree = "<group>"; };
		768FF5FE24D1C22800AD7E0B /* Assets.xcassets */ = {isa = PBXFileReference; lastKnownFileType = folder.assetcatalog; path = Assets.xcassets; sourceTree = "<group>"; };
		768FF60124D1C22800AD7E0B /* Preview Assets.xcassets */ = {isa = PBXFileReference; lastKnownFileType = folder.assetcatalog; path = "Preview Assets.xcassets"; sourceTree = "<group>"; };
		768FF60424D1C22800AD7E0B /* Base */ = {isa = PBXFileReference; lastKnownFileType = file.storyboard; name = Base; path = Base.lproj/LaunchScreen.storyboard; sourceTree = "<group>"; };
		768FF60624D1C22800AD7E0B /* Info.plist */ = {isa = PBXFileReference; lastKnownFileType = text.plist.xml; path = Info.plist; sourceTree = "<group>"; };
		768FF60B24D1C22800AD7E0B /* FamilyKitDemoTests.xctest */ = {isa = PBXFileReference; explicitFileType = wrapper.cfbundle; includeInIndex = 0; path = FamilyKitDemoTests.xctest; sourceTree = BUILT_PRODUCTS_DIR; };
		768FF60F24D1C22800AD7E0B /* FamilyKitDemoTests.swift */ = {isa = PBXFileReference; lastKnownFileType = sourcecode.swift; path = FamilyKitDemoTests.swift; sourceTree = "<group>"; };
		768FF61124D1C22800AD7E0B /* Info.plist */ = {isa = PBXFileReference; lastKnownFileType = text.plist.xml; path = Info.plist; sourceTree = "<group>"; };
		768FF61624D1C22800AD7E0B /* FamilyKitDemoUITests.xctest */ = {isa = PBXFileReference; explicitFileType = wrapper.cfbundle; includeInIndex = 0; path = FamilyKitDemoUITests.xctest; sourceTree = BUILT_PRODUCTS_DIR; };
		768FF61A24D1C22800AD7E0B /* FamilyKitDemoUITests.swift */ = {isa = PBXFileReference; lastKnownFileType = sourcecode.swift; path = FamilyKitDemoUITests.swift; sourceTree = "<group>"; };
		768FF61C24D1C22800AD7E0B /* Info.plist */ = {isa = PBXFileReference; lastKnownFileType = text.plist.xml; path = Info.plist; sourceTree = "<group>"; };
		768FF63324D1C50700AD7E0B /* CKUserService.swift */ = {isa = PBXFileReference; lastKnownFileType = sourcecode.swift; path = CKUserService.swift; sourceTree = "<group>"; };
		768FF63524D1C57900AD7E0B /* FamilyKitDemo.entitlements */ = {isa = PBXFileReference; lastKnownFileType = text.plist.entitlements; path = FamilyKitDemo.entitlements; sourceTree = "<group>"; };
		768FF63624D1C57C00AD7E0B /* CloudKit.framework */ = {isa = PBXFileReference; lastKnownFileType = wrapper.framework; name = CloudKit.framework; path = System/Library/Frameworks/CloudKit.framework; sourceTree = SDKROOT; };
		768FF63824D1C65900AD7E0B /* CKUserView.swift */ = {isa = PBXFileReference; lastKnownFileType = sourcecode.swift; path = CKUserView.swift; sourceTree = "<group>"; };
		768FF63A24D1C66700AD7E0B /* CKKidDetailView.swift */ = {isa = PBXFileReference; lastKnownFileType = sourcecode.swift; path = CKKidDetailView.swift; sourceTree = "<group>"; };
		768FF63C24D1C66F00AD7E0B /* CKChoreView.swift */ = {isa = PBXFileReference; lastKnownFileType = sourcecode.swift; path = CKChoreView.swift; sourceTree = "<group>"; };
		768FF67F24D1E3E200AD7E0B /* CKPublicModelService+CRUD.swift */ = {isa = PBXFileReference; lastKnownFileType = sourcecode.swift; path = "CKPublicModelService+CRUD.swift"; sourceTree = "<group>"; };
		768FF68124D1E3F200AD7E0B /* CKPublicModelService+Subscriptions.swift */ = {isa = PBXFileReference; lastKnownFileType = sourcecode.swift; path = "CKPublicModelService+Subscriptions.swift"; sourceTree = "<group>"; };
		768FF68324D1E51600AD7E0B /* CKChoreDetailView.swift */ = {isa = PBXFileReference; lastKnownFileType = sourcecode.swift; path = CKChoreDetailView.swift; sourceTree = "<group>"; };
		768FF68824D207B200AD7E0B /* FamilyKitState.swift */ = {isa = PBXFileReference; lastKnownFileType = sourcecode.swift; path = FamilyKitState.swift; sourceTree = "<group>"; };
		768FF68D24D2292800AD7E0B /* CKFunDetailView.swift */ = {isa = PBXFileReference; lastKnownFileType = sourcecode.swift; path = CKFunDetailView.swift; sourceTree = "<group>"; };
		768FF68F24D2293300AD7E0B /* CKConnectDetailView.swift */ = {isa = PBXFileReference; lastKnownFileType = sourcecode.swift; path = CKConnectDetailView.swift; sourceTree = "<group>"; };
		768FF69224D22A0200AD7E0B /* CKFunView.swift */ = {isa = PBXFileReference; lastKnownFileType = sourcecode.swift; path = CKFunView.swift; sourceTree = "<group>"; };
		768FF69424D22A0F00AD7E0B /* CKConnectView.swift */ = {isa = PBXFileReference; lastKnownFileType = sourcecode.swift; path = CKConnectView.swift; sourceTree = "<group>"; };
		768FF69724D306CE00AD7E0B /* PlayerPickerView.swift */ = {isa = PBXFileReference; lastKnownFileType = sourcecode.swift; path = PlayerPickerView.swift; sourceTree = "<group>"; };
		768FF69924D3071400AD7E0B /* CloudKitStatusView.swift */ = {isa = PBXFileReference; lastKnownFileType = sourcecode.swift; path = CloudKitStatusView.swift; sourceTree = "<group>"; };
		768FF69D24D315B200AD7E0B /* CKPrivateModelService+CRUD.swift */ = {isa = PBXFileReference; fileEncoding = 4; lastKnownFileType = sourcecode.swift; path = "CKPrivateModelService+CRUD.swift"; sourceTree = "<group>"; };
		768FF69E24D315B200AD7E0B /* CKPrivateModelService.swift */ = {isa = PBXFileReference; fileEncoding = 4; lastKnownFileType = sourcecode.swift; path = CKPrivateModelService.swift; sourceTree = "<group>"; };
		768FF69F24D315B200AD7E0B /* CKPrivateModelService+Subscriptions.swift */ = {isa = PBXFileReference; fileEncoding = 4; lastKnownFileType = sourcecode.swift; path = "CKPrivateModelService+Subscriptions.swift"; sourceTree = "<group>"; };
		768FF6A324D3272B00AD7E0B /* CKAdultModel.swift */ = {isa = PBXFileReference; lastKnownFileType = sourcecode.swift; path = CKAdultModel.swift; sourceTree = "<group>"; };
/* End PBXFileReference section */

/* Begin PBXFrameworksBuildPhase section */
		76773E7E24CC8274004DC075 /* Frameworks */ = {
			isa = PBXFrameworksBuildPhase;
			buildActionMask = 2147483647;
			files = (
			);
			runOnlyForDeploymentPostprocessing = 0;
		};
		76773E8724CC8274004DC075 /* Frameworks */ = {
			isa = PBXFrameworksBuildPhase;
			buildActionMask = 2147483647;
			files = (
				76773E8B24CC8274004DC075 /* FamilyKit.framework in Frameworks */,
			);
			runOnlyForDeploymentPostprocessing = 0;
		};
		768FF5F324D1C22700AD7E0B /* Frameworks */ = {
			isa = PBXFrameworksBuildPhase;
			buildActionMask = 2147483647;
			files = (
				768FF62724D1C24100AD7E0B /* FamilyKit.framework in Frameworks */,
				768FF63724D1C57C00AD7E0B /* CloudKit.framework in Frameworks */,
			);
			runOnlyForDeploymentPostprocessing = 0;
		};
		768FF60824D1C22800AD7E0B /* Frameworks */ = {
			isa = PBXFrameworksBuildPhase;
			buildActionMask = 2147483647;
			files = (
			);
			runOnlyForDeploymentPostprocessing = 0;
		};
		768FF61324D1C22800AD7E0B /* Frameworks */ = {
			isa = PBXFrameworksBuildPhase;
			buildActionMask = 2147483647;
			files = (
			);
			runOnlyForDeploymentPostprocessing = 0;
		};
/* End PBXFrameworksBuildPhase section */

/* Begin PBXGroup section */
		76773E7724CC8273004DC075 = {
			isa = PBXGroup;
			children = (
				76773F2724CCB0D4004DC075 /* README.md */,
				76773E8324CC8274004DC075 /* FamilyKit */,
				76773E8E24CC8274004DC075 /* FamilyKitTests */,
				768FF5F724D1C22700AD7E0B /* FamilyKitDemo */,
				768FF60E24D1C22800AD7E0B /* FamilyKitDemoTests */,
				768FF61924D1C22800AD7E0B /* FamilyKitDemoUITests */,
				76773E8224CC8274004DC075 /* Products */,
				768FF62624D1C24100AD7E0B /* Frameworks */,
			);
			sourceTree = "<group>";
		};
		76773E8224CC8274004DC075 /* Products */ = {
			isa = PBXGroup;
			children = (
				76773E8124CC8274004DC075 /* FamilyKit.framework */,
				76773E8A24CC8274004DC075 /* FamilyKitTests.xctest */,
				768FF5F624D1C22700AD7E0B /* FamilyKitDemo.app */,
				768FF60B24D1C22800AD7E0B /* FamilyKitDemoTests.xctest */,
				768FF61624D1C22800AD7E0B /* FamilyKitDemoUITests.xctest */,
			);
			name = Products;
			sourceTree = "<group>";
		};
		76773E8324CC8274004DC075 /* FamilyKit */ = {
			isa = PBXGroup;
			children = (
				768FF69624D306C100AD7E0B /* Views */,
				768FF68824D207B200AD7E0B /* FamilyKitState.swift */,
				76773EB124CC84B4004DC075 /* CloudKit */,
				76773EA824CC82C2004DC075 /* Models */,
				76773E8424CC8274004DC075 /* FamilyKit.h */,
				76773E8524CC8274004DC075 /* Info.plist */,
			);
			path = FamilyKit;
			sourceTree = "<group>";
		};
		76773E8E24CC8274004DC075 /* FamilyKitTests */ = {
			isa = PBXGroup;
			children = (
				76773E8F24CC8274004DC075 /* FamilyKitTests.swift */,
				76773E9124CC8274004DC075 /* Info.plist */,
			);
			path = FamilyKitTests;
			sourceTree = "<group>";
		};
		76773EA824CC82C2004DC075 /* Models */ = {
			isa = PBXGroup;
			children = (
				76773EAB24CC839C004DC075 /* CKKidModel.swift */,
				768FF6A324D3272B00AD7E0B /* CKAdultModel.swift */,
				76773EAD24CC8407004DC075 /* CKChoreModel.swift */,
				76773EB424CC898C004DC075 /* CKFunModel.swift */,
				76773EB624CC8999004DC075 /* CKConnectModel.swift */,
			);
			path = Models;
			sourceTree = "<group>";
		};
		76773EB124CC84B4004DC075 /* CloudKit */ = {
			isa = PBXGroup;
			children = (
				76773EB224CC84BE004DC075 /* CKModel.swift */,
				76773EA924CC82D3004DC075 /* CKUser.swift */,
				768FF63324D1C50700AD7E0B /* CKUserService.swift */,
				768FF69E24D315B200AD7E0B /* CKPrivateModelService.swift */,
				768FF69D24D315B200AD7E0B /* CKPrivateModelService+CRUD.swift */,
				768FF69F24D315B200AD7E0B /* CKPrivateModelService+Subscriptions.swift */,
				76773EAF24CC8473004DC075 /* CKPublicModelService.swift */,
				768FF67F24D1E3E200AD7E0B /* CKPublicModelService+CRUD.swift */,
				768FF68124D1E3F200AD7E0B /* CKPublicModelService+Subscriptions.swift */,
			);
			path = CloudKit;
			sourceTree = "<group>";
		};
		768FF5F724D1C22700AD7E0B /* FamilyKitDemo */ = {
			isa = PBXGroup;
			children = (
				768FF5FC24D1C22700AD7E0B /* ContentView.swift */,
				768FF63C24D1C66F00AD7E0B /* CKChoreView.swift */,
				768FF69224D22A0200AD7E0B /* CKFunView.swift */,
				768FF69424D22A0F00AD7E0B /* CKConnectView.swift */,
				768FF68324D1E51600AD7E0B /* CKChoreDetailView.swift */,
				768FF68F24D2293300AD7E0B /* CKConnectDetailView.swift */,
				768FF68D24D2292800AD7E0B /* CKFunDetailView.swift */,
				768FF63A24D1C66700AD7E0B /* CKKidDetailView.swift */,
				768FF63824D1C65900AD7E0B /* CKUserView.swift */,
				768FF63524D1C57900AD7E0B /* FamilyKitDemo.entitlements */,
				768FF5F824D1C22700AD7E0B /* AppDelegate.swift */,
				768FF5FA24D1C22700AD7E0B /* SceneDelegate.swift */,
				768FF5FE24D1C22800AD7E0B /* Assets.xcassets */,
				768FF60324D1C22800AD7E0B /* LaunchScreen.storyboard */,
				768FF60624D1C22800AD7E0B /* Info.plist */,
				768FF60024D1C22800AD7E0B /* Preview Content */,
			);
			path = FamilyKitDemo;
			sourceTree = "<group>";
		};
		768FF60024D1C22800AD7E0B /* Preview Content */ = {
			isa = PBXGroup;
			children = (
				768FF60124D1C22800AD7E0B /* Preview Assets.xcassets */,
			);
			path = "Preview Content";
			sourceTree = "<group>";
		};
		768FF60E24D1C22800AD7E0B /* FamilyKitDemoTests */ = {
			isa = PBXGroup;
			children = (
				768FF60F24D1C22800AD7E0B /* FamilyKitDemoTests.swift */,
				768FF61124D1C22800AD7E0B /* Info.plist */,
			);
			path = FamilyKitDemoTests;
			sourceTree = "<group>";
		};
		768FF61924D1C22800AD7E0B /* FamilyKitDemoUITests */ = {
			isa = PBXGroup;
			children = (
				768FF61A24D1C22800AD7E0B /* FamilyKitDemoUITests.swift */,
				768FF61C24D1C22800AD7E0B /* Info.plist */,
			);
			path = FamilyKitDemoUITests;
			sourceTree = "<group>";
		};
		768FF62624D1C24100AD7E0B /* Frameworks */ = {
			isa = PBXGroup;
			children = (
				768FF63624D1C57C00AD7E0B /* CloudKit.framework */,
			);
			name = Frameworks;
			sourceTree = "<group>";
		};
		768FF69624D306C100AD7E0B /* Views */ = {
			isa = PBXGroup;
			children = (
				768FF69724D306CE00AD7E0B /* PlayerPickerView.swift */,
				768FF69924D3071400AD7E0B /* CloudKitStatusView.swift */,
			);
			path = Views;
			sourceTree = "<group>";
		};
/* End PBXGroup section */

/* Begin PBXHeadersBuildPhase section */
		76773E7C24CC8274004DC075 /* Headers */ = {
			isa = PBXHeadersBuildPhase;
			buildActionMask = 2147483647;
			files = (
				76773E9224CC8274004DC075 /* FamilyKit.h in Headers */,
			);
			runOnlyForDeploymentPostprocessing = 0;
		};
/* End PBXHeadersBuildPhase section */

/* Begin PBXNativeTarget section */
		76773E8024CC8274004DC075 /* FamilyKit */ = {
			isa = PBXNativeTarget;
			buildConfigurationList = 76773E9524CC8274004DC075 /* Build configuration list for PBXNativeTarget "FamilyKit" */;
			buildPhases = (
				76773E7C24CC8274004DC075 /* Headers */,
				76773E7D24CC8274004DC075 /* Sources */,
				76773E7E24CC8274004DC075 /* Frameworks */,
				76773E7F24CC8274004DC075 /* Resources */,
			);
			buildRules = (
			);
			dependencies = (
			);
			name = FamilyKit;
			productName = FamilyKit;
			productReference = 76773E8124CC8274004DC075 /* FamilyKit.framework */;
			productType = "com.apple.product-type.framework";
		};
		76773E8924CC8274004DC075 /* FamilyKitTests */ = {
			isa = PBXNativeTarget;
			buildConfigurationList = 76773E9824CC8274004DC075 /* Build configuration list for PBXNativeTarget "FamilyKitTests" */;
			buildPhases = (
				76773E8624CC8274004DC075 /* Sources */,
				76773E8724CC8274004DC075 /* Frameworks */,
				76773E8824CC8274004DC075 /* Resources */,
			);
			buildRules = (
			);
			dependencies = (
				76773E8D24CC8274004DC075 /* PBXTargetDependency */,
			);
			name = FamilyKitTests;
			productName = FamilyKitTests;
			productReference = 76773E8A24CC8274004DC075 /* FamilyKitTests.xctest */;
			productType = "com.apple.product-type.bundle.unit-test";
		};
		768FF5F524D1C22700AD7E0B /* FamilyKitDemo */ = {
			isa = PBXNativeTarget;
			buildConfigurationList = 768FF62324D1C22800AD7E0B /* Build configuration list for PBXNativeTarget "FamilyKitDemo" */;
			buildPhases = (
				768FF5F224D1C22700AD7E0B /* Sources */,
				768FF5F324D1C22700AD7E0B /* Frameworks */,
				768FF5F424D1C22700AD7E0B /* Resources */,
				768FF62B24D1C24100AD7E0B /* Embed Frameworks */,
			);
			buildRules = (
			);
			dependencies = (
				768FF62A24D1C24100AD7E0B /* PBXTargetDependency */,
			);
			name = FamilyKitDemo;
			productName = FamilyKitDemo;
			productReference = 768FF5F624D1C22700AD7E0B /* FamilyKitDemo.app */;
			productType = "com.apple.product-type.application";
		};
		768FF60A24D1C22800AD7E0B /* FamilyKitDemoTests */ = {
			isa = PBXNativeTarget;
			buildConfigurationList = 768FF62424D1C22800AD7E0B /* Build configuration list for PBXNativeTarget "FamilyKitDemoTests" */;
			buildPhases = (
				768FF60724D1C22800AD7E0B /* Sources */,
				768FF60824D1C22800AD7E0B /* Frameworks */,
				768FF60924D1C22800AD7E0B /* Resources */,
			);
			buildRules = (
			);
			dependencies = (
				768FF60D24D1C22800AD7E0B /* PBXTargetDependency */,
			);
			name = FamilyKitDemoTests;
			productName = FamilyKitDemoTests;
			productReference = 768FF60B24D1C22800AD7E0B /* FamilyKitDemoTests.xctest */;
			productType = "com.apple.product-type.bundle.unit-test";
		};
		768FF61524D1C22800AD7E0B /* FamilyKitDemoUITests */ = {
			isa = PBXNativeTarget;
			buildConfigurationList = 768FF62524D1C22800AD7E0B /* Build configuration list for PBXNativeTarget "FamilyKitDemoUITests" */;
			buildPhases = (
				768FF61224D1C22800AD7E0B /* Sources */,
				768FF61324D1C22800AD7E0B /* Frameworks */,
				768FF61424D1C22800AD7E0B /* Resources */,
			);
			buildRules = (
			);
			dependencies = (
				768FF61824D1C22800AD7E0B /* PBXTargetDependency */,
			);
			name = FamilyKitDemoUITests;
			productName = FamilyKitDemoUITests;
			productReference = 768FF61624D1C22800AD7E0B /* FamilyKitDemoUITests.xctest */;
			productType = "com.apple.product-type.bundle.ui-testing";
		};
/* End PBXNativeTarget section */

/* Begin PBXProject section */
		76773E7824CC8273004DC075 /* Project object */ = {
			isa = PBXProject;
			attributes = {
				LastSwiftUpdateCheck = 1140;
				LastUpgradeCheck = 1140;
				ORGANIZATIONNAME = jumptack;
				TargetAttributes = {
					76773E8024CC8274004DC075 = {
						CreatedOnToolsVersion = 11.4;
						LastSwiftMigration = 1140;
					};
					76773E8924CC8274004DC075 = {
						CreatedOnToolsVersion = 11.4;
					};
					768FF5F524D1C22700AD7E0B = {
						CreatedOnToolsVersion = 11.4;
					};
					768FF60A24D1C22800AD7E0B = {
						CreatedOnToolsVersion = 11.4;
						TestTargetID = 768FF5F524D1C22700AD7E0B;
					};
					768FF61524D1C22800AD7E0B = {
						CreatedOnToolsVersion = 11.4;
						TestTargetID = 768FF5F524D1C22700AD7E0B;
					};
				};
			};
			buildConfigurationList = 76773E7B24CC8273004DC075 /* Build configuration list for PBXProject "FamilyKit" */;
			compatibilityVersion = "Xcode 9.3";
			developmentRegion = en;
			hasScannedForEncodings = 0;
			knownRegions = (
				en,
				Base,
			);
			mainGroup = 76773E7724CC8273004DC075;
			productRefGroup = 76773E8224CC8274004DC075 /* Products */;
			projectDirPath = "";
			projectRoot = "";
			targets = (
				76773E8024CC8274004DC075 /* FamilyKit */,
				76773E8924CC8274004DC075 /* FamilyKitTests */,
				768FF5F524D1C22700AD7E0B /* FamilyKitDemo */,
				768FF60A24D1C22800AD7E0B /* FamilyKitDemoTests */,
				768FF61524D1C22800AD7E0B /* FamilyKitDemoUITests */,
			);
		};
/* End PBXProject section */

/* Begin PBXResourcesBuildPhase section */
		76773E7F24CC8274004DC075 /* Resources */ = {
			isa = PBXResourcesBuildPhase;
			buildActionMask = 2147483647;
			files = (
			);
			runOnlyForDeploymentPostprocessing = 0;
		};
		76773E8824CC8274004DC075 /* Resources */ = {
			isa = PBXResourcesBuildPhase;
			buildActionMask = 2147483647;
			files = (
			);
			runOnlyForDeploymentPostprocessing = 0;
		};
		768FF5F424D1C22700AD7E0B /* Resources */ = {
			isa = PBXResourcesBuildPhase;
			buildActionMask = 2147483647;
			files = (
				768FF60524D1C22800AD7E0B /* LaunchScreen.storyboard in Resources */,
				768FF60224D1C22800AD7E0B /* Preview Assets.xcassets in Resources */,
				768FF5FF24D1C22800AD7E0B /* Assets.xcassets in Resources */,
			);
			runOnlyForDeploymentPostprocessing = 0;
		};
		768FF60924D1C22800AD7E0B /* Resources */ = {
			isa = PBXResourcesBuildPhase;
			buildActionMask = 2147483647;
			files = (
			);
			runOnlyForDeploymentPostprocessing = 0;
		};
		768FF61424D1C22800AD7E0B /* Resources */ = {
			isa = PBXResourcesBuildPhase;
			buildActionMask = 2147483647;
			files = (
			);
			runOnlyForDeploymentPostprocessing = 0;
		};
/* End PBXResourcesBuildPhase section */

/* Begin PBXSourcesBuildPhase section */
		76773E7D24CC8274004DC075 /* Sources */ = {
			isa = PBXSourcesBuildPhase;
			buildActionMask = 2147483647;
			files = (
				768FF68224D1E3F200AD7E0B /* CKPublicModelService+Subscriptions.swift in Sources */,
				76773EB324CC84BE004DC075 /* CKModel.swift in Sources */,
				768FF6A224D315B200AD7E0B /* CKPrivateModelService+Subscriptions.swift in Sources */,
				768FF68924D207B200AD7E0B /* FamilyKitState.swift in Sources */,
				76773EAE24CC8407004DC075 /* CKChoreModel.swift in Sources */,
				768FF6A124D315B200AD7E0B /* CKPrivateModelService.swift in Sources */,
				768FF69A24D3071400AD7E0B /* CloudKitStatusView.swift in Sources */,
				768FF68024D1E3E200AD7E0B /* CKPublicModelService+CRUD.swift in Sources */,
				76773EAA24CC82D3004DC075 /* CKUser.swift in Sources */,
				76773EB724CC899A004DC075 /* CKConnectModel.swift in Sources */,
				768FF6A024D315B200AD7E0B /* CKPrivateModelService+CRUD.swift in Sources */,
				768FF63424D1C50700AD7E0B /* CKUserService.swift in Sources */,
				768FF6A424D3272B00AD7E0B /* CKAdultModel.swift in Sources */,
				76773EAC24CC839C004DC075 /* CKKidModel.swift in Sources */,
				76773EB024CC8473004DC075 /* CKPublicModelService.swift in Sources */,
				76773EB524CC898C004DC075 /* CKFunModel.swift in Sources */,
				768FF69824D306CE00AD7E0B /* PlayerPickerView.swift in Sources */,
			);
			runOnlyForDeploymentPostprocessing = 0;
		};
		76773E8624CC8274004DC075 /* Sources */ = {
			isa = PBXSourcesBuildPhase;
			buildActionMask = 2147483647;
			files = (
				76773E9024CC8274004DC075 /* FamilyKitTests.swift in Sources */,
			);
			runOnlyForDeploymentPostprocessing = 0;
		};
		768FF5F224D1C22700AD7E0B /* Sources */ = {
			isa = PBXSourcesBuildPhase;
			buildActionMask = 2147483647;
			files = (
				768FF63924D1C65900AD7E0B /* CKUserView.swift in Sources */,
				768FF69024D2293300AD7E0B /* CKConnectDetailView.swift in Sources */,
				768FF69524D22A0F00AD7E0B /* CKConnectView.swift in Sources */,
				768FF5F924D1C22700AD7E0B /* AppDelegate.swift in Sources */,
				768FF5FB24D1C22700AD7E0B /* SceneDelegate.swift in Sources */,
				768FF63B24D1C66700AD7E0B /* CKKidDetailView.swift in Sources */,
				768FF63D24D1C66F00AD7E0B /* CKChoreView.swift in Sources */,
				768FF68E24D2292800AD7E0B /* CKFunDetailView.swift in Sources */,
				768FF5FD24D1C22700AD7E0B /* ContentView.swift in Sources */,
				768FF69324D22A0200AD7E0B /* CKFunView.swift in Sources */,
				768FF68424D1E51600AD7E0B /* CKChoreDetailView.swift in Sources */,
			);
			runOnlyForDeploymentPostprocessing = 0;
		};
		768FF60724D1C22800AD7E0B /* Sources */ = {
			isa = PBXSourcesBuildPhase;
			buildActionMask = 2147483647;
			files = (
				768FF61024D1C22800AD7E0B /* FamilyKitDemoTests.swift in Sources */,
			);
			runOnlyForDeploymentPostprocessing = 0;
		};
		768FF61224D1C22800AD7E0B /* Sources */ = {
			isa = PBXSourcesBuildPhase;
			buildActionMask = 2147483647;
			files = (
				768FF61B24D1C22800AD7E0B /* FamilyKitDemoUITests.swift in Sources */,
			);
			runOnlyForDeploymentPostprocessing = 0;
		};
/* End PBXSourcesBuildPhase section */

/* Begin PBXTargetDependency section */
		76773E8D24CC8274004DC075 /* PBXTargetDependency */ = {
			isa = PBXTargetDependency;
			target = 76773E8024CC8274004DC075 /* FamilyKit */;
			targetProxy = 76773E8C24CC8274004DC075 /* PBXContainerItemProxy */;
		};
		768FF60D24D1C22800AD7E0B /* PBXTargetDependency */ = {
			isa = PBXTargetDependency;
			target = 768FF5F524D1C22700AD7E0B /* FamilyKitDemo */;
			targetProxy = 768FF60C24D1C22800AD7E0B /* PBXContainerItemProxy */;
		};
		768FF61824D1C22800AD7E0B /* PBXTargetDependency */ = {
			isa = PBXTargetDependency;
			target = 768FF5F524D1C22700AD7E0B /* FamilyKitDemo */;
			targetProxy = 768FF61724D1C22800AD7E0B /* PBXContainerItemProxy */;
		};
		768FF62A24D1C24100AD7E0B /* PBXTargetDependency */ = {
			isa = PBXTargetDependency;
			target = 76773E8024CC8274004DC075 /* FamilyKit */;
			targetProxy = 768FF62924D1C24100AD7E0B /* PBXContainerItemProxy */;
		};
/* End PBXTargetDependency section */

/* Begin PBXVariantGroup section */
		768FF60324D1C22800AD7E0B /* LaunchScreen.storyboard */ = {
			isa = PBXVariantGroup;
			children = (
				768FF60424D1C22800AD7E0B /* Base */,
			);
			name = LaunchScreen.storyboard;
			sourceTree = "<group>";
		};
/* End PBXVariantGroup section */

/* Begin XCBuildConfiguration section */
		76773E9324CC8274004DC075 /* Debug */ = {
			isa = XCBuildConfiguration;
			buildSettings = {
				ALWAYS_SEARCH_USER_PATHS = NO;
				CLANG_ANALYZER_NONNULL = YES;
				CLANG_ANALYZER_NUMBER_OBJECT_CONVERSION = YES_AGGRESSIVE;
				CLANG_CXX_LANGUAGE_STANDARD = "gnu++14";
				CLANG_CXX_LIBRARY = "libc++";
				CLANG_ENABLE_MODULES = YES;
				CLANG_ENABLE_OBJC_ARC = YES;
				CLANG_ENABLE_OBJC_WEAK = YES;
				CLANG_WARN_BLOCK_CAPTURE_AUTORELEASING = YES;
				CLANG_WARN_BOOL_CONVERSION = YES;
				CLANG_WARN_COMMA = YES;
				CLANG_WARN_CONSTANT_CONVERSION = YES;
				CLANG_WARN_DEPRECATED_OBJC_IMPLEMENTATIONS = YES;
				CLANG_WARN_DIRECT_OBJC_ISA_USAGE = YES_ERROR;
				CLANG_WARN_DOCUMENTATION_COMMENTS = YES;
				CLANG_WARN_EMPTY_BODY = YES;
				CLANG_WARN_ENUM_CONVERSION = YES;
				CLANG_WARN_INFINITE_RECURSION = YES;
				CLANG_WARN_INT_CONVERSION = YES;
				CLANG_WARN_NON_LITERAL_NULL_CONVERSION = YES;
				CLANG_WARN_OBJC_IMPLICIT_RETAIN_SELF = YES;
				CLANG_WARN_OBJC_LITERAL_CONVERSION = YES;
				CLANG_WARN_OBJC_ROOT_CLASS = YES_ERROR;
				CLANG_WARN_RANGE_LOOP_ANALYSIS = YES;
				CLANG_WARN_STRICT_PROTOTYPES = YES;
				CLANG_WARN_SUSPICIOUS_MOVE = YES;
				CLANG_WARN_UNGUARDED_AVAILABILITY = YES_AGGRESSIVE;
				CLANG_WARN_UNREACHABLE_CODE = YES;
				CLANG_WARN__DUPLICATE_METHOD_MATCH = YES;
				COPY_PHASE_STRIP = NO;
				CURRENT_PROJECT_VERSION = 1;
				DEBUG_INFORMATION_FORMAT = dwarf;
				ENABLE_STRICT_OBJC_MSGSEND = YES;
				ENABLE_TESTABILITY = YES;
				GCC_C_LANGUAGE_STANDARD = gnu11;
				GCC_DYNAMIC_NO_PIC = NO;
				GCC_NO_COMMON_BLOCKS = YES;
				GCC_OPTIMIZATION_LEVEL = 0;
				GCC_PREPROCESSOR_DEFINITIONS = (
					"DEBUG=1",
					"$(inherited)",
				);
				GCC_WARN_64_TO_32_BIT_CONVERSION = YES;
				GCC_WARN_ABOUT_RETURN_TYPE = YES_ERROR;
				GCC_WARN_UNDECLARED_SELECTOR = YES;
				GCC_WARN_UNINITIALIZED_AUTOS = YES_AGGRESSIVE;
				GCC_WARN_UNUSED_FUNCTION = YES;
				GCC_WARN_UNUSED_VARIABLE = YES;
				IPHONEOS_DEPLOYMENT_TARGET = 13.4;
				MTL_ENABLE_DEBUG_INFO = INCLUDE_SOURCE;
				MTL_FAST_MATH = YES;
				ONLY_ACTIVE_ARCH = YES;
				SDKROOT = iphoneos;
				SWIFT_ACTIVE_COMPILATION_CONDITIONS = DEBUG;
				SWIFT_OPTIMIZATION_LEVEL = "-Onone";
				VERSIONING_SYSTEM = "apple-generic";
				VERSION_INFO_PREFIX = "";
			};
			name = Debug;
		};
		76773E9424CC8274004DC075 /* Release */ = {
			isa = XCBuildConfiguration;
			buildSettings = {
				ALWAYS_SEARCH_USER_PATHS = NO;
				CLANG_ANALYZER_NONNULL = YES;
				CLANG_ANALYZER_NUMBER_OBJECT_CONVERSION = YES_AGGRESSIVE;
				CLANG_CXX_LANGUAGE_STANDARD = "gnu++14";
				CLANG_CXX_LIBRARY = "libc++";
				CLANG_ENABLE_MODULES = YES;
				CLANG_ENABLE_OBJC_ARC = YES;
				CLANG_ENABLE_OBJC_WEAK = YES;
				CLANG_WARN_BLOCK_CAPTURE_AUTORELEASING = YES;
				CLANG_WARN_BOOL_CONVERSION = YES;
				CLANG_WARN_COMMA = YES;
				CLANG_WARN_CONSTANT_CONVERSION = YES;
				CLANG_WARN_DEPRECATED_OBJC_IMPLEMENTATIONS = YES;
				CLANG_WARN_DIRECT_OBJC_ISA_USAGE = YES_ERROR;
				CLANG_WARN_DOCUMENTATION_COMMENTS = YES;
				CLANG_WARN_EMPTY_BODY = YES;
				CLANG_WARN_ENUM_CONVERSION = YES;
				CLANG_WARN_INFINITE_RECURSION = YES;
				CLANG_WARN_INT_CONVERSION = YES;
				CLANG_WARN_NON_LITERAL_NULL_CONVERSION = YES;
				CLANG_WARN_OBJC_IMPLICIT_RETAIN_SELF = YES;
				CLANG_WARN_OBJC_LITERAL_CONVERSION = YES;
				CLANG_WARN_OBJC_ROOT_CLASS = YES_ERROR;
				CLANG_WARN_RANGE_LOOP_ANALYSIS = YES;
				CLANG_WARN_STRICT_PROTOTYPES = YES;
				CLANG_WARN_SUSPICIOUS_MOVE = YES;
				CLANG_WARN_UNGUARDED_AVAILABILITY = YES_AGGRESSIVE;
				CLANG_WARN_UNREACHABLE_CODE = YES;
				CLANG_WARN__DUPLICATE_METHOD_MATCH = YES;
				COPY_PHASE_STRIP = NO;
				CURRENT_PROJECT_VERSION = 1;
				DEBUG_INFORMATION_FORMAT = "dwarf-with-dsym";
				ENABLE_NS_ASSERTIONS = NO;
				ENABLE_STRICT_OBJC_MSGSEND = YES;
				GCC_C_LANGUAGE_STANDARD = gnu11;
				GCC_NO_COMMON_BLOCKS = YES;
				GCC_WARN_64_TO_32_BIT_CONVERSION = YES;
				GCC_WARN_ABOUT_RETURN_TYPE = YES_ERROR;
				GCC_WARN_UNDECLARED_SELECTOR = YES;
				GCC_WARN_UNINITIALIZED_AUTOS = YES_AGGRESSIVE;
				GCC_WARN_UNUSED_FUNCTION = YES;
				GCC_WARN_UNUSED_VARIABLE = YES;
				IPHONEOS_DEPLOYMENT_TARGET = 13.4;
				MTL_ENABLE_DEBUG_INFO = NO;
				MTL_FAST_MATH = YES;
				SDKROOT = iphoneos;
				SWIFT_COMPILATION_MODE = wholemodule;
				SWIFT_OPTIMIZATION_LEVEL = "-O";
				VALIDATE_PRODUCT = YES;
				VERSIONING_SYSTEM = "apple-generic";
				VERSION_INFO_PREFIX = "";
			};
			name = Release;
		};
		76773E9624CC8274004DC075 /* Debug */ = {
			isa = XCBuildConfiguration;
			buildSettings = {
				CLANG_ENABLE_MODULES = YES;
				CODE_SIGN_STYLE = Automatic;
				DEFINES_MODULE = YES;
				DEVELOPMENT_TEAM = BMKEG7AHZS;
				DYLIB_COMPATIBILITY_VERSION = 1;
				DYLIB_CURRENT_VERSION = 1;
				DYLIB_INSTALL_NAME_BASE = "@rpath";
				INFOPLIST_FILE = FamilyKit/Info.plist;
				INSTALL_PATH = "$(LOCAL_LIBRARY_DIR)/Frameworks";
				LD_RUNPATH_SEARCH_PATHS = (
					"$(inherited)",
					"@executable_path/Frameworks",
					"@loader_path/Frameworks",
				);
				PRODUCT_BUNDLE_IDENTIFIER = com.jumptack.FamilyKit;
				PRODUCT_NAME = "$(TARGET_NAME:c99extidentifier)";
				SKIP_INSTALL = YES;
				SWIFT_OPTIMIZATION_LEVEL = "-Onone";
				SWIFT_VERSION = 5.0;
				TARGETED_DEVICE_FAMILY = "1,2";
			};
			name = Debug;
		};
		76773E9724CC8274004DC075 /* Release */ = {
			isa = XCBuildConfiguration;
			buildSettings = {
				CLANG_ENABLE_MODULES = YES;
				CODE_SIGN_STYLE = Automatic;
				DEFINES_MODULE = YES;
				DEVELOPMENT_TEAM = BMKEG7AHZS;
				DYLIB_COMPATIBILITY_VERSION = 1;
				DYLIB_CURRENT_VERSION = 1;
				DYLIB_INSTALL_NAME_BASE = "@rpath";
				INFOPLIST_FILE = FamilyKit/Info.plist;
				INSTALL_PATH = "$(LOCAL_LIBRARY_DIR)/Frameworks";
				LD_RUNPATH_SEARCH_PATHS = (
					"$(inherited)",
					"@executable_path/Frameworks",
					"@loader_path/Frameworks",
				);
				PRODUCT_BUNDLE_IDENTIFIER = com.jumptack.FamilyKit;
				PRODUCT_NAME = "$(TARGET_NAME:c99extidentifier)";
				SKIP_INSTALL = YES;
				SWIFT_VERSION = 5.0;
				TARGETED_DEVICE_FAMILY = "1,2";
			};
			name = Release;
		};
		76773E9924CC8274004DC075 /* Debug */ = {
			isa = XCBuildConfiguration;
			buildSettings = {
				ALWAYS_EMBED_SWIFT_STANDARD_LIBRARIES = YES;
				CODE_SIGN_STYLE = Automatic;
				DEVELOPMENT_TEAM = BMKEG7AHZS;
				INFOPLIST_FILE = FamilyKitTests/Info.plist;
				LD_RUNPATH_SEARCH_PATHS = (
					"$(inherited)",
					"@executable_path/Frameworks",
					"@loader_path/Frameworks",
				);
				PRODUCT_BUNDLE_IDENTIFIER = com.jumptack.FamilyKitTests;
				PRODUCT_NAME = "$(TARGET_NAME)";
				SWIFT_VERSION = 5.0;
				TARGETED_DEVICE_FAMILY = "1,2";
			};
			name = Debug;
		};
		76773E9A24CC8274004DC075 /* Release */ = {
			isa = XCBuildConfiguration;
			buildSettings = {
				ALWAYS_EMBED_SWIFT_STANDARD_LIBRARIES = YES;
				CODE_SIGN_STYLE = Automatic;
				DEVELOPMENT_TEAM = BMKEG7AHZS;
				INFOPLIST_FILE = FamilyKitTests/Info.plist;
				LD_RUNPATH_SEARCH_PATHS = (
					"$(inherited)",
					"@executable_path/Frameworks",
					"@loader_path/Frameworks",
				);
				PRODUCT_BUNDLE_IDENTIFIER = com.jumptack.FamilyKitTests;
				PRODUCT_NAME = "$(TARGET_NAME)";
				SWIFT_VERSION = 5.0;
				TARGETED_DEVICE_FAMILY = "1,2";
			};
			name = Release;
		};
		768FF61D24D1C22800AD7E0B /* Debug */ = {
			isa = XCBuildConfiguration;
			buildSettings = {
				ASSETCATALOG_COMPILER_APPICON_NAME = AppIcon;
				CODE_SIGN_ENTITLEMENTS = FamilyKitDemo/FamilyKitDemo.entitlements;
				CODE_SIGN_STYLE = Automatic;
				DEVELOPMENT_ASSET_PATHS = "\"FamilyKitDemo/Preview Content\"";
				DEVELOPMENT_TEAM = BMKEG7AHZS;
				ENABLE_PREVIEWS = YES;
				INFOPLIST_FILE = FamilyKitDemo/Info.plist;
				LD_RUNPATH_SEARCH_PATHS = (
					"$(inherited)",
					"@executable_path/Frameworks",
				);
				PRODUCT_BUNDLE_IDENTIFIER = com.jumptack.FamilyKitDemo;
				PRODUCT_NAME = "$(TARGET_NAME)";
				SWIFT_VERSION = 5.0;
				TARGETED_DEVICE_FAMILY = "1,2";
			};
			name = Debug;
		};
		768FF61E24D1C22800AD7E0B /* Release */ = {
			isa = XCBuildConfiguration;
			buildSettings = {
				ASSETCATALOG_COMPILER_APPICON_NAME = AppIcon;
				CODE_SIGN_ENTITLEMENTS = FamilyKitDemo/FamilyKitDemo.entitlements;
				CODE_SIGN_STYLE = Automatic;
				DEVELOPMENT_ASSET_PATHS = "\"FamilyKitDemo/Preview Content\"";
				DEVELOPMENT_TEAM = BMKEG7AHZS;
				ENABLE_PREVIEWS = YES;
				INFOPLIST_FILE = FamilyKitDemo/Info.plist;
				LD_RUNPATH_SEARCH_PATHS = (
					"$(inherited)",
					"@executable_path/Frameworks",
				);
				PRODUCT_BUNDLE_IDENTIFIER = com.jumptack.FamilyKitDemo;
				PRODUCT_NAME = "$(TARGET_NAME)";
				SWIFT_VERSION = 5.0;
				TARGETED_DEVICE_FAMILY = "1,2";
			};
			name = Release;
		};
		768FF61F24D1C22800AD7E0B /* Debug */ = {
			isa = XCBuildConfiguration;
			buildSettings = {
				ALWAYS_EMBED_SWIFT_STANDARD_LIBRARIES = YES;
				BUNDLE_LOADER = "$(TEST_HOST)";
				CODE_SIGN_STYLE = Automatic;
				DEVELOPMENT_TEAM = BMKEG7AHZS;
				INFOPLIST_FILE = FamilyKitDemoTests/Info.plist;
				IPHONEOS_DEPLOYMENT_TARGET = 13.4;
				LD_RUNPATH_SEARCH_PATHS = (
					"$(inherited)",
					"@executable_path/Frameworks",
					"@loader_path/Frameworks",
				);
				PRODUCT_BUNDLE_IDENTIFIER = com.jumptack.FamilyKitDemoTests;
				PRODUCT_NAME = "$(TARGET_NAME)";
				SWIFT_VERSION = 5.0;
				TARGETED_DEVICE_FAMILY = "1,2";
				TEST_HOST = "$(BUILT_PRODUCTS_DIR)/FamilyKitDemo.app/FamilyKitDemo";
			};
			name = Debug;
		};
		768FF62024D1C22800AD7E0B /* Release */ = {
			isa = XCBuildConfiguration;
			buildSettings = {
				ALWAYS_EMBED_SWIFT_STANDARD_LIBRARIES = YES;
				BUNDLE_LOADER = "$(TEST_HOST)";
				CODE_SIGN_STYLE = Automatic;
				DEVELOPMENT_TEAM = BMKEG7AHZS;
				INFOPLIST_FILE = FamilyKitDemoTests/Info.plist;
				IPHONEOS_DEPLOYMENT_TARGET = 13.4;
				LD_RUNPATH_SEARCH_PATHS = (
					"$(inherited)",
					"@executable_path/Frameworks",
					"@loader_path/Frameworks",
				);
				PRODUCT_BUNDLE_IDENTIFIER = com.jumptack.FamilyKitDemoTests;
				PRODUCT_NAME = "$(TARGET_NAME)";
				SWIFT_VERSION = 5.0;
				TARGETED_DEVICE_FAMILY = "1,2";
				TEST_HOST = "$(BUILT_PRODUCTS_DIR)/FamilyKitDemo.app/FamilyKitDemo";
			};
			name = Release;
		};
		768FF62124D1C22800AD7E0B /* Debug */ = {
			isa = XCBuildConfiguration;
			buildSettings = {
				ALWAYS_EMBED_SWIFT_STANDARD_LIBRARIES = YES;
				CODE_SIGN_STYLE = Automatic;
				DEVELOPMENT_TEAM = BMKEG7AHZS;
				INFOPLIST_FILE = FamilyKitDemoUITests/Info.plist;
				LD_RUNPATH_SEARCH_PATHS = (
					"$(inherited)",
					"@executable_path/Frameworks",
					"@loader_path/Frameworks",
				);
				PRODUCT_BUNDLE_IDENTIFIER = com.jumptack.FamilyKitDemoUITests;
				PRODUCT_NAME = "$(TARGET_NAME)";
				SWIFT_VERSION = 5.0;
				TARGETED_DEVICE_FAMILY = "1,2";
				TEST_TARGET_NAME = FamilyKitDemo;
			};
			name = Debug;
		};
		768FF62224D1C22800AD7E0B /* Release */ = {
			isa = XCBuildConfiguration;
			buildSettings = {
				ALWAYS_EMBED_SWIFT_STANDARD_LIBRARIES = YES;
				CODE_SIGN_STYLE = Automatic;
				DEVELOPMENT_TEAM = BMKEG7AHZS;
				INFOPLIST_FILE = FamilyKitDemoUITests/Info.plist;
				LD_RUNPATH_SEARCH_PATHS = (
					"$(inherited)",
					"@executable_path/Frameworks",
					"@loader_path/Frameworks",
				);
				PRODUCT_BUNDLE_IDENTIFIER = com.jumptack.FamilyKitDemoUITests;
				PRODUCT_NAME = "$(TARGET_NAME)";
				SWIFT_VERSION = 5.0;
				TARGETED_DEVICE_FAMILY = "1,2";
				TEST_TARGET_NAME = FamilyKitDemo;
			};
			name = Release;
		};
/* End XCBuildConfiguration section */

/* Begin XCConfigurationList section */
		76773E7B24CC8273004DC075 /* Build configuration list for PBXProject "FamilyKit" */ = {
			isa = XCConfigurationList;
			buildConfigurations = (
				76773E9324CC8274004DC075 /* Debug */,
				76773E9424CC8274004DC075 /* Release */,
			);
			defaultConfigurationIsVisible = 0;
			defaultConfigurationName = Release;
		};
		76773E9524CC8274004DC075 /* Build configuration list for PBXNativeTarget "FamilyKit" */ = {
			isa = XCConfigurationList;
			buildConfigurations = (
				76773E9624CC8274004DC075 /* Debug */,
				76773E9724CC8274004DC075 /* Release */,
			);
			defaultConfigurationIsVisible = 0;
			defaultConfigurationName = Release;
		};
		76773E9824CC8274004DC075 /* Build configuration list for PBXNativeTarget "FamilyKitTests" */ = {
			isa = XCConfigurationList;
			buildConfigurations = (
				76773E9924CC8274004DC075 /* Debug */,
				76773E9A24CC8274004DC075 /* Release */,
			);
			defaultConfigurationIsVisible = 0;
			defaultConfigurationName = Release;
		};
		768FF62324D1C22800AD7E0B /* Build configuration list for PBXNativeTarget "FamilyKitDemo" */ = {
			isa = XCConfigurationList;
			buildConfigurations = (
				768FF61D24D1C22800AD7E0B /* Debug */,
				768FF61E24D1C22800AD7E0B /* Release */,
			);
			defaultConfigurationIsVisible = 0;
			defaultConfigurationName = Release;
		};
		768FF62424D1C22800AD7E0B /* Build configuration list for PBXNativeTarget "FamilyKitDemoTests" */ = {
			isa = XCConfigurationList;
			buildConfigurations = (
				768FF61F24D1C22800AD7E0B /* Debug */,
				768FF62024D1C22800AD7E0B /* Release */,
			);
			defaultConfigurationIsVisible = 0;
			defaultConfigurationName = Release;
		};
		768FF62524D1C22800AD7E0B /* Build configuration list for PBXNativeTarget "FamilyKitDemoUITests" */ = {
			isa = XCConfigurationList;
			buildConfigurations = (
				768FF62124D1C22800AD7E0B /* Debug */,
				768FF62224D1C22800AD7E0B /* Release */,
			);
			defaultConfigurationIsVisible = 0;
			defaultConfigurationName = Release;
		};
/* End XCConfigurationList section */
	};
	rootObject = 76773E7824CC8273004DC075 /* Project object */;
}
