// !$*UTF8*$!
{
	archiveVersion = 1;
	classes = {
	};
	objectVersion = 52;
	objects = {

/* Begin PBXBuildFile section */
		7601811724C4A4B400B339E4 /* AppDelegate.swift in Sources */ = {isa = PBXBuildFile; fileRef = 7601811624C4A4B400B339E4 /* AppDelegate.swift */; };
		7601811924C4A4B400B339E4 /* SceneDelegate.swift in Sources */ = {isa = PBXBuildFile; fileRef = 7601811824C4A4B400B339E4 /* SceneDelegate.swift */; };
		7601811C24C4A4B400B339E4 /* SimpleApp.xcdatamodeld in Sources */ = {isa = PBXBuildFile; fileRef = 7601811A24C4A4B400B339E4 /* SimpleApp.xcdatamodeld */; };
		7601811E24C4A4B400B339E4 /* ContentView.swift in Sources */ = {isa = PBXBuildFile; fileRef = 7601811D24C4A4B400B339E4 /* ContentView.swift */; };
		7601812024C4A4B500B339E4 /* Assets.xcassets in Resources */ = {isa = PBXBuildFile; fileRef = 7601811F24C4A4B500B339E4 /* Assets.xcassets */; };
		7601812324C4A4B500B339E4 /* Preview Assets.xcassets in Resources */ = {isa = PBXBuildFile; fileRef = 7601812224C4A4B500B339E4 /* Preview Assets.xcassets */; };
		7601812624C4A4B500B339E4 /* LaunchScreen.storyboard in Resources */ = {isa = PBXBuildFile; fileRef = 7601812424C4A4B500B339E4 /* LaunchScreen.storyboard */; };
		7601813124C4A4B500B339E4 /* SimpleAppTests.swift in Sources */ = {isa = PBXBuildFile; fileRef = 7601813024C4A4B500B339E4 /* SimpleAppTests.swift */; };
		7601813C24C4A4B500B339E4 /* SimpleAppUITests.swift in Sources */ = {isa = PBXBuildFile; fileRef = 7601813B24C4A4B500B339E4 /* SimpleAppUITests.swift */; };
		7601814F24C4A53200B339E4 /* AppState.swift in Sources */ = {isa = PBXBuildFile; fileRef = 7601814E24C4A53200B339E4 /* AppState.swift */; };
		7601816024C4B01300B339E4 /* UserView.swift in Sources */ = {isa = PBXBuildFile; fileRef = 7601815F24C4B01300B339E4 /* UserView.swift */; };
		7601817124C54B8800B339E4 /* PurchaseView.swift in Sources */ = {isa = PBXBuildFile; fileRef = 7601817024C54B8800B339E4 /* PurchaseView.swift */; };
		7601817824C61F2400B339E4 /* PurchaseModel.swift in Sources */ = {isa = PBXBuildFile; fileRef = 7601817724C61F2400B339E4 /* PurchaseModel.swift */; };
		7601817B24C6457C00B339E4 /* AppModel.swift in Sources */ = {isa = PBXBuildFile; fileRef = 7601817A24C6457C00B339E4 /* AppModel.swift */; };
		76208B7B24D5F7A0001F46E2 /* FamilyKit in Frameworks */ = {isa = PBXBuildFile; productRef = 76208B7A24D5F7A0001F46E2 /* FamilyKit */; };
		76208B7E24D5F8FE001F46E2 /* CloudKit.framework in Frameworks */ = {isa = PBXBuildFile; fileRef = 76208B7D24D5F8FE001F46E2 /* CloudKit.framework */; };
		76208B8024D60051001F46E2 /* KidDetailView.swift in Sources */ = {isa = PBXBuildFile; fileRef = 76208B7F24D60051001F46E2 /* KidDetailView.swift */; };
		76208B8224D6005E001F46E2 /* AdultDetailView.swift in Sources */ = {isa = PBXBuildFile; fileRef = 76208B8124D6005E001F46E2 /* AdultDetailView.swift */; };
		76208B8424D60AE5001F46E2 /* TextField+Helper.swift in Sources */ = {isa = PBXBuildFile; fileRef = 76208B8324D60AE5001F46E2 /* TextField+Helper.swift */; };
		76208B8624D60C12001F46E2 /* CKChoreRowView.swift in Sources */ = {isa = PBXBuildFile; fileRef = 76208B8524D60C12001F46E2 /* CKChoreRowView.swift */; };
		76208B8924D61C6A001F46E2 /* CKChoreListView.swift in Sources */ = {isa = PBXBuildFile; fileRef = 76208B8824D61C6A001F46E2 /* CKChoreListView.swift */; };
		76208B8D24D663F6001F46E2 /* String+Image.swift in Sources */ = {isa = PBXBuildFile; fileRef = 76208B8C24D663F6001F46E2 /* String+Image.swift */; };
		76208B9224D70AC5001F46E2 /* CKChoreAddItemView.swift in Sources */ = {isa = PBXBuildFile; fileRef = 76208B9124D70AC5001F46E2 /* CKChoreAddItemView.swift */; };
		76208B9424D70ACE001F46E2 /* CKChoreItemView.swift in Sources */ = {isa = PBXBuildFile; fileRef = 76208B9324D70ACE001F46E2 /* CKChoreItemView.swift */; };
		76208B9624D70AD6001F46E2 /* CKChoreDetailView.swift in Sources */ = {isa = PBXBuildFile; fileRef = 76208B9524D70AD6001F46E2 /* CKChoreDetailView.swift */; };
		76208B9824D71787001F46E2 /* EmojiView.swift in Sources */ = {isa = PBXBuildFile; fileRef = 76208B9724D71787001F46E2 /* EmojiView.swift */; };
		76208B9D24D723AE001F46E2 /* CKChoreNoItemsView.swift in Sources */ = {isa = PBXBuildFile; fileRef = 76208B9C24D723AE001F46E2 /* CKChoreNoItemsView.swift */; };
		7675FAF924C8AC1800C95453 /* UserSettings.swift in Sources */ = {isa = PBXBuildFile; fileRef = 7675FAF824C8AC1800C95453 /* UserSettings.swift */; };
		76BADB3324CA5776004950C0 /* userData.json in Resources */ = {isa = PBXBuildFile; fileRef = 76BADB3224CA5776004950C0 /* userData.json */; };
		76BADB4224CA57AD004950C0 /* stmarylake.jpg in Resources */ = {isa = PBXBuildFile; fileRef = 76BADB3424CA57AC004950C0 /* stmarylake.jpg */; };
		76BADB4324CA57AD004950C0 /* charleyrivers.jpg in Resources */ = {isa = PBXBuildFile; fileRef = 76BADB3524CA57AC004950C0 /* charleyrivers.jpg */; };
		76BADB4624CA57AD004950C0 /* chincoteague.jpg in Resources */ = {isa = PBXBuildFile; fileRef = 76BADB3824CA57AC004950C0 /* chincoteague.jpg */; };
		76BADB4824CA57AD004950C0 /* turtlerock.jpg in Resources */ = {isa = PBXBuildFile; fileRef = 76BADB3A24CA57AD004950C0 /* turtlerock.jpg */; };
		76BADB4924CA57AD004950C0 /* hiddenlake.jpg in Resources */ = {isa = PBXBuildFile; fileRef = 76BADB3B24CA57AD004950C0 /* hiddenlake.jpg */; };
		76BADB4B24CA57AD004950C0 /* chilkoottrail.jpg in Resources */ = {isa = PBXBuildFile; fileRef = 76BADB3D24CA57AD004950C0 /* chilkoottrail.jpg */; };
		76BADB4D24CA57AD004950C0 /* icybay.jpg in Resources */ = {isa = PBXBuildFile; fileRef = 76BADB3F24CA57AD004950C0 /* icybay.jpg */; };
		76BADB4E24CA57AD004950C0 /* silversalmoncreek.jpg in Resources */ = {isa = PBXBuildFile; fileRef = 76BADB4024CA57AD004950C0 /* silversalmoncreek.jpg */; };
		76BADB5324CA5877004950C0 /* choreData.json in Resources */ = {isa = PBXBuildFile; fileRef = 76BADB5024CA5877004950C0 /* choreData.json */; };
		76BADB5424CA5877004950C0 /* connectData.json in Resources */ = {isa = PBXBuildFile; fileRef = 76BADB5124CA5877004950C0 /* connectData.json */; };
		76BADB5524CA5877004950C0 /* funData.json in Resources */ = {isa = PBXBuildFile; fileRef = 76BADB5224CA5877004950C0 /* funData.json */; };
		76BADB5A24CA589E004950C0 /* FunStore.swift in Sources */ = {isa = PBXBuildFile; fileRef = 76BADB5924CA589E004950C0 /* FunStore.swift */; };
		76BADB5C24CA58B3004950C0 /* ConnectStore.swift in Sources */ = {isa = PBXBuildFile; fileRef = 76BADB5B24CA58B3004950C0 /* ConnectStore.swift */; };
		76BADB5F24CA58D8004950C0 /* ChoreStore.swift in Sources */ = {isa = PBXBuildFile; fileRef = 76BADB5E24CA58D8004950C0 /* ChoreStore.swift */; };
		76BADB6124CA599A004950C0 /* FunModel.swift in Sources */ = {isa = PBXBuildFile; fileRef = 76BADB6024CA599A004950C0 /* FunModel.swift */; };
		76BADB6324CA59C4004950C0 /* ImageStore.swift in Sources */ = {isa = PBXBuildFile; fileRef = 76BADB6224CA59C4004950C0 /* ImageStore.swift */; };
		76BADB6624CA59FC004950C0 /* ConnectModel.swift in Sources */ = {isa = PBXBuildFile; fileRef = 76BADB6524CA59FC004950C0 /* ConnectModel.swift */; };
		76BADB6824CA5A02004950C0 /* ChoreModel.swift in Sources */ = {isa = PBXBuildFile; fileRef = 76BADB6724CA5A02004950C0 /* ChoreModel.swift */; };
		76BADB6D24CA5A7A004950C0 /* MainView.swift in Sources */ = {isa = PBXBuildFile; fileRef = 76BADB6C24CA5A7A004950C0 /* MainView.swift */; };
		76BADB7424CB0A03004950C0 /* ChoreDetailView.swift in Sources */ = {isa = PBXBuildFile; fileRef = 76BADB7324CB0A03004950C0 /* ChoreDetailView.swift */; };
		76BADB7724CB0AC6004950C0 /* RowViews.swift in Sources */ = {isa = PBXBuildFile; fileRef = 76BADB7624CB0AC6004950C0 /* RowViews.swift */; };
		76BADB7F24CB0EA3004950C0 /* FunDetailView.swift in Sources */ = {isa = PBXBuildFile; fileRef = 76BADB7E24CB0EA3004950C0 /* FunDetailView.swift */; };
		76BADB8124CB0EAB004950C0 /* ConnectDetailView.swift in Sources */ = {isa = PBXBuildFile; fileRef = 76BADB8024CB0EAB004950C0 /* ConnectDetailView.swift */; };
		76BADB8524CB1676004950C0 /* StoreConfig.swift in Sources */ = {isa = PBXBuildFile; fileRef = 76BADB8424CB1676004950C0 /* StoreConfig.swift */; };
		ED4DF64524D0D2010091F712 /* chore1005Guitar.jpg in Resources */ = {isa = PBXBuildFile; fileRef = ED4DF64224D0D2010091F712 /* chore1005Guitar.jpg */; };
/* End PBXBuildFile section */

/* Begin PBXContainerItemProxy section */
		7601812D24C4A4B500B339E4 /* PBXContainerItemProxy */ = {
			isa = PBXContainerItemProxy;
			containerPortal = 7601810B24C4A4B400B339E4 /* Project object */;
			proxyType = 1;
			remoteGlobalIDString = 7601811224C4A4B400B339E4;
			remoteInfo = SimpleApp;
		};
		7601813824C4A4B500B339E4 /* PBXContainerItemProxy */ = {
			isa = PBXContainerItemProxy;
			containerPortal = 7601810B24C4A4B400B339E4 /* Project object */;
			proxyType = 1;
			remoteGlobalIDString = 7601811224C4A4B400B339E4;
			remoteInfo = SimpleApp;
		};
/* End PBXContainerItemProxy section */

/* Begin PBXCopyFilesBuildPhase section */
		76773EA724CC828E004DC075 /* Embed Frameworks */ = {
			isa = PBXCopyFilesBuildPhase;
			buildActionMask = 2147483647;
			dstPath = "";
			dstSubfolderSpec = 10;
			files = (
			);
			name = "Embed Frameworks";
			runOnlyForDeploymentPostprocessing = 0;
		};
/* End PBXCopyFilesBuildPhase section */

/* Begin PBXFileReference section */
		7601811324C4A4B400B339E4 /* SimpleApp.app */ = {isa = PBXFileReference; explicitFileType = wrapper.application; includeInIndex = 0; path = SimpleApp.app; sourceTree = BUILT_PRODUCTS_DIR; };
		7601811624C4A4B400B339E4 /* AppDelegate.swift */ = {isa = PBXFileReference; lastKnownFileType = sourcecode.swift; path = AppDelegate.swift; sourceTree = "<group>"; };
		7601811824C4A4B400B339E4 /* SceneDelegate.swift */ = {isa = PBXFileReference; lastKnownFileType = sourcecode.swift; path = SceneDelegate.swift; sourceTree = "<group>"; };
		7601811B24C4A4B400B339E4 /* SimpleApp.xcdatamodel */ = {isa = PBXFileReference; lastKnownFileType = wrapper.xcdatamodel; path = SimpleApp.xcdatamodel; sourceTree = "<group>"; };
		7601811D24C4A4B400B339E4 /* ContentView.swift */ = {isa = PBXFileReference; lastKnownFileType = sourcecode.swift; path = ContentView.swift; sourceTree = "<group>"; };
		7601811F24C4A4B500B339E4 /* Assets.xcassets */ = {isa = PBXFileReference; lastKnownFileType = folder.assetcatalog; path = Assets.xcassets; sourceTree = "<group>"; };
		7601812224C4A4B500B339E4 /* Preview Assets.xcassets */ = {isa = PBXFileReference; lastKnownFileType = folder.assetcatalog; path = "Preview Assets.xcassets"; sourceTree = "<group>"; };
		7601812524C4A4B500B339E4 /* Base */ = {isa = PBXFileReference; lastKnownFileType = file.storyboard; name = Base; path = Base.lproj/LaunchScreen.storyboard; sourceTree = "<group>"; };
		7601812724C4A4B500B339E4 /* Info.plist */ = {isa = PBXFileReference; lastKnownFileType = text.plist.xml; path = Info.plist; sourceTree = "<group>"; };
		7601812C24C4A4B500B339E4 /* SimpleAppTests.xctest */ = {isa = PBXFileReference; explicitFileType = wrapper.cfbundle; includeInIndex = 0; path = SimpleAppTests.xctest; sourceTree = BUILT_PRODUCTS_DIR; };
		7601813024C4A4B500B339E4 /* SimpleAppTests.swift */ = {isa = PBXFileReference; lastKnownFileType = sourcecode.swift; path = SimpleAppTests.swift; sourceTree = "<group>"; };
		7601813224C4A4B500B339E4 /* Info.plist */ = {isa = PBXFileReference; lastKnownFileType = text.plist.xml; path = Info.plist; sourceTree = "<group>"; };
		7601813724C4A4B500B339E4 /* SimpleAppUITests.xctest */ = {isa = PBXFileReference; explicitFileType = wrapper.cfbundle; includeInIndex = 0; path = SimpleAppUITests.xctest; sourceTree = BUILT_PRODUCTS_DIR; };
		7601813B24C4A4B500B339E4 /* SimpleAppUITests.swift */ = {isa = PBXFileReference; lastKnownFileType = sourcecode.swift; path = SimpleAppUITests.swift; sourceTree = "<group>"; };
		7601813D24C4A4B500B339E4 /* Info.plist */ = {isa = PBXFileReference; lastKnownFileType = text.plist.xml; path = Info.plist; sourceTree = "<group>"; };
		7601814E24C4A53200B339E4 /* AppState.swift */ = {isa = PBXFileReference; lastKnownFileType = sourcecode.swift; path = AppState.swift; sourceTree = "<group>"; };
		7601815F24C4B01300B339E4 /* UserView.swift */ = {isa = PBXFileReference; lastKnownFileType = sourcecode.swift; path = UserView.swift; sourceTree = "<group>"; };
		7601817024C54B8800B339E4 /* PurchaseView.swift */ = {isa = PBXFileReference; lastKnownFileType = sourcecode.swift; path = PurchaseView.swift; sourceTree = "<group>"; };
		7601817724C61F2400B339E4 /* PurchaseModel.swift */ = {isa = PBXFileReference; lastKnownFileType = sourcecode.swift; path = PurchaseModel.swift; sourceTree = "<group>"; };
		7601817A24C6457C00B339E4 /* AppModel.swift */ = {isa = PBXFileReference; lastKnownFileType = sourcecode.swift; path = AppModel.swift; sourceTree = "<group>"; };
		76208B7924D5F794001F46E2 /* FamilyKit */ = {isa = PBXFileReference; lastKnownFileType = folder; name = FamilyKit; path = LocalPackages/FamilyKit; sourceTree = "<group>"; };
		76208B7C24D5F8EC001F46E2 /* SimpleApp.entitlements */ = {isa = PBXFileReference; lastKnownFileType = text.plist.entitlements; path = SimpleApp.entitlements; sourceTree = "<group>"; };
		76208B7D24D5F8FE001F46E2 /* CloudKit.framework */ = {isa = PBXFileReference; lastKnownFileType = wrapper.framework; name = CloudKit.framework; path = System/Library/Frameworks/CloudKit.framework; sourceTree = SDKROOT; };
		76208B7F24D60051001F46E2 /* KidDetailView.swift */ = {isa = PBXFileReference; lastKnownFileType = sourcecode.swift; path = KidDetailView.swift; sourceTree = "<group>"; };
		76208B8124D6005E001F46E2 /* AdultDetailView.swift */ = {isa = PBXFileReference; lastKnownFileType = sourcecode.swift; path = AdultDetailView.swift; sourceTree = "<group>"; };
		76208B8324D60AE5001F46E2 /* TextField+Helper.swift */ = {isa = PBXFileReference; lastKnownFileType = sourcecode.swift; path = "TextField+Helper.swift"; sourceTree = "<group>"; };
		76208B8524D60C12001F46E2 /* CKChoreRowView.swift */ = {isa = PBXFileReference; lastKnownFileType = sourcecode.swift; path = CKChoreRowView.swift; sourceTree = "<group>"; };
		76208B8824D61C6A001F46E2 /* CKChoreListView.swift */ = {isa = PBXFileReference; lastKnownFileType = sourcecode.swift; path = CKChoreListView.swift; sourceTree = "<group>"; };
		76208B8C24D663F6001F46E2 /* String+Image.swift */ = {isa = PBXFileReference; lastKnownFileType = sourcecode.swift; path = "String+Image.swift"; sourceTree = "<group>"; };
		76208B9124D70AC5001F46E2 /* CKChoreAddItemView.swift */ = {isa = PBXFileReference; lastKnownFileType = sourcecode.swift; path = CKChoreAddItemView.swift; sourceTree = "<group>"; };
		76208B9324D70ACE001F46E2 /* CKChoreItemView.swift */ = {isa = PBXFileReference; lastKnownFileType = sourcecode.swift; path = CKChoreItemView.swift; sourceTree = "<group>"; };
		76208B9524D70AD6001F46E2 /* CKChoreDetailView.swift */ = {isa = PBXFileReference; lastKnownFileType = sourcecode.swift; path = CKChoreDetailView.swift; sourceTree = "<group>"; };
		76208B9724D71787001F46E2 /* EmojiView.swift */ = {isa = PBXFileReference; lastKnownFileType = sourcecode.swift; path = EmojiView.swift; sourceTree = "<group>"; };
		76208B9C24D723AE001F46E2 /* CKChoreNoItemsView.swift */ = {isa = PBXFileReference; lastKnownFileType = sourcecode.swift; path = CKChoreNoItemsView.swift; sourceTree = "<group>"; };
		7675FAF824C8AC1800C95453 /* UserSettings.swift */ = {isa = PBXFileReference; lastKnownFileType = sourcecode.swift; path = UserSettings.swift; sourceTree = "<group>"; };
		76A3F6D224C7DA5400763A8A /* README.md */ = {isa = PBXFileReference; fileEncoding = 4; lastKnownFileType = net.daringfireball.markdown; path = README.md; sourceTree = "<group>"; };
		76BADB3224CA5776004950C0 /* userData.json */ = {isa = PBXFileReference; fileEncoding = 4; lastKnownFileType = text.json; path = userData.json; sourceTree = "<group>"; };
		76BADB3424CA57AC004950C0 /* stmarylake.jpg */ = {isa = PBXFileReference; lastKnownFileType = image.jpeg; path = stmarylake.jpg; sourceTree = "<group>"; };
		76BADB3524CA57AC004950C0 /* charleyrivers.jpg */ = {isa = PBXFileReference; lastKnownFileType = image.jpeg; path = charleyrivers.jpg; sourceTree = "<group>"; };
		76BADB3824CA57AC004950C0 /* chincoteague.jpg */ = {isa = PBXFileReference; lastKnownFileType = image.jpeg; path = chincoteague.jpg; sourceTree = "<group>"; };
		76BADB3A24CA57AD004950C0 /* turtlerock.jpg */ = {isa = PBXFileReference; lastKnownFileType = image.jpeg; path = turtlerock.jpg; sourceTree = "<group>"; };
		76BADB3B24CA57AD004950C0 /* hiddenlake.jpg */ = {isa = PBXFileReference; lastKnownFileType = image.jpeg; path = hiddenlake.jpg; sourceTree = "<group>"; };
		76BADB3D24CA57AD004950C0 /* chilkoottrail.jpg */ = {isa = PBXFileReference; lastKnownFileType = image.jpeg; path = chilkoottrail.jpg; sourceTree = "<group>"; };
		76BADB3F24CA57AD004950C0 /* icybay.jpg */ = {isa = PBXFileReference; lastKnownFileType = image.jpeg; path = icybay.jpg; sourceTree = "<group>"; };
		76BADB4024CA57AD004950C0 /* silversalmoncreek.jpg */ = {isa = PBXFileReference; lastKnownFileType = image.jpeg; path = silversalmoncreek.jpg; sourceTree = "<group>"; };
		76BADB5024CA5877004950C0 /* choreData.json */ = {isa = PBXFileReference; fileEncoding = 4; lastKnownFileType = text.json; path = choreData.json; sourceTree = "<group>"; };
		76BADB5124CA5877004950C0 /* connectData.json */ = {isa = PBXFileReference; fileEncoding = 4; lastKnownFileType = text.json; path = connectData.json; sourceTree = "<group>"; };
		76BADB5224CA5877004950C0 /* funData.json */ = {isa = PBXFileReference; fileEncoding = 4; lastKnownFileType = text.json; path = funData.json; sourceTree = "<group>"; };
		76BADB5924CA589E004950C0 /* FunStore.swift */ = {isa = PBXFileReference; lastKnownFileType = sourcecode.swift; path = FunStore.swift; sourceTree = "<group>"; };
		76BADB5B24CA58B3004950C0 /* ConnectStore.swift */ = {isa = PBXFileReference; lastKnownFileType = sourcecode.swift; path = ConnectStore.swift; sourceTree = "<group>"; };
		76BADB5E24CA58D8004950C0 /* ChoreStore.swift */ = {isa = PBXFileReference; lastKnownFileType = sourcecode.swift; path = ChoreStore.swift; sourceTree = "<group>"; };
		76BADB6024CA599A004950C0 /* FunModel.swift */ = {isa = PBXFileReference; lastKnownFileType = sourcecode.swift; path = FunModel.swift; sourceTree = "<group>"; };
		76BADB6224CA59C4004950C0 /* ImageStore.swift */ = {isa = PBXFileReference; lastKnownFileType = sourcecode.swift; path = ImageStore.swift; sourceTree = "<group>"; };
		76BADB6524CA59FC004950C0 /* ConnectModel.swift */ = {isa = PBXFileReference; lastKnownFileType = sourcecode.swift; path = ConnectModel.swift; sourceTree = "<group>"; };
		76BADB6724CA5A02004950C0 /* ChoreModel.swift */ = {isa = PBXFileReference; lastKnownFileType = sourcecode.swift; path = ChoreModel.swift; sourceTree = "<group>"; };
		76BADB6C24CA5A7A004950C0 /* MainView.swift */ = {isa = PBXFileReference; lastKnownFileType = sourcecode.swift; path = MainView.swift; sourceTree = "<group>"; };
		76BADB7324CB0A03004950C0 /* ChoreDetailView.swift */ = {isa = PBXFileReference; lastKnownFileType = sourcecode.swift; path = ChoreDetailView.swift; sourceTree = "<group>"; };
		76BADB7624CB0AC6004950C0 /* RowViews.swift */ = {isa = PBXFileReference; lastKnownFileType = sourcecode.swift; path = RowViews.swift; sourceTree = "<group>"; };
		76BADB7E24CB0EA3004950C0 /* FunDetailView.swift */ = {isa = PBXFileReference; lastKnownFileType = sourcecode.swift; path = FunDetailView.swift; sourceTree = "<group>"; };
		76BADB8024CB0EAB004950C0 /* ConnectDetailView.swift */ = {isa = PBXFileReference; lastKnownFileType = sourcecode.swift; path = ConnectDetailView.swift; sourceTree = "<group>"; };
		76BADB8424CB1676004950C0 /* StoreConfig.swift */ = {isa = PBXFileReference; lastKnownFileType = sourcecode.swift; path = StoreConfig.swift; sourceTree = "<group>"; };
		ED4DF64224D0D2010091F712 /* chore1005Guitar.jpg */ = {isa = PBXFileReference; lastKnownFileType = image.jpeg; path = chore1005Guitar.jpg; sourceTree = "<group>"; };
/* End PBXFileReference section */

/* Begin PBXFrameworksBuildPhase section */
		7601811024C4A4B400B339E4 /* Frameworks */ = {
			isa = PBXFrameworksBuildPhase;
			buildActionMask = 2147483647;
			files = (
				76208B7B24D5F7A0001F46E2 /* FamilyKit in Frameworks */,
				76208B7E24D5F8FE001F46E2 /* CloudKit.framework in Frameworks */,
			);
			runOnlyForDeploymentPostprocessing = 0;
		};
		7601812924C4A4B500B339E4 /* Frameworks */ = {
			isa = PBXFrameworksBuildPhase;
			buildActionMask = 2147483647;
			files = (
			);
			runOnlyForDeploymentPostprocessing = 0;
		};
		7601813424C4A4B500B339E4 /* Frameworks */ = {
			isa = PBXFrameworksBuildPhase;
			buildActionMask = 2147483647;
			files = (
			);
			runOnlyForDeploymentPostprocessing = 0;
		};
/* End PBXFrameworksBuildPhase section */

/* Begin PBXGroup section */
		7601810A24C4A4B400B339E4 = {
			isa = PBXGroup;
			children = (
				76208B7924D5F794001F46E2 /* FamilyKit */,
				76A3F6D224C7DA5400763A8A /* README.md */,
				7601811524C4A4B400B339E4 /* SimpleApp */,
				7601812F24C4A4B500B339E4 /* SimpleAppTests */,
				7601813A24C4A4B500B339E4 /* SimpleAppUITests */,
				7601811424C4A4B400B339E4 /* Products */,
				76773EA424CC828D004DC075 /* Frameworks */,
			);
			sourceTree = "<group>";
		};
		7601811424C4A4B400B339E4 /* Products */ = {
			isa = PBXGroup;
			children = (
				7601811324C4A4B400B339E4 /* SimpleApp.app */,
				7601812C24C4A4B500B339E4 /* SimpleAppTests.xctest */,
				7601813724C4A4B500B339E4 /* SimpleAppUITests.xctest */,
			);
			name = Products;
			sourceTree = "<group>";
		};
		7601811524C4A4B400B339E4 /* SimpleApp */ = {
			isa = PBXGroup;
			children = (
				76208B7C24D5F8EC001F46E2 /* SimpleApp.entitlements */,
				76BADB5D24CA58BB004950C0 /* Stores */,
				76BADB3124CA571B004950C0 /* Resources */,
				7601814D24C4A51C00B339E4 /* App */,
				7601811624C4A4B400B339E4 /* AppDelegate.swift */,
				7601811824C4A4B400B339E4 /* SceneDelegate.swift */,
				7601811D24C4A4B400B339E4 /* ContentView.swift */,
				7601811F24C4A4B500B339E4 /* Assets.xcassets */,
				7601812424C4A4B500B339E4 /* LaunchScreen.storyboard */,
				7601812724C4A4B500B339E4 /* Info.plist */,
				7601811A24C4A4B400B339E4 /* SimpleApp.xcdatamodeld */,
				7601812124C4A4B500B339E4 /* Preview Content */,
			);
			path = SimpleApp;
			sourceTree = "<group>";
		};
		7601812124C4A4B500B339E4 /* Preview Content */ = {
			isa = PBXGroup;
			children = (
				7601812224C4A4B500B339E4 /* Preview Assets.xcassets */,
			);
			path = "Preview Content";
			sourceTree = "<group>";
		};
		7601812F24C4A4B500B339E4 /* SimpleAppTests */ = {
			isa = PBXGroup;
			children = (
				7601813024C4A4B500B339E4 /* SimpleAppTests.swift */,
				7601813224C4A4B500B339E4 /* Info.plist */,
			);
			path = SimpleAppTests;
			sourceTree = "<group>";
		};
		7601813A24C4A4B500B339E4 /* SimpleAppUITests */ = {
			isa = PBXGroup;
			children = (
				7601813B24C4A4B500B339E4 /* SimpleAppUITests.swift */,
				7601813D24C4A4B500B339E4 /* Info.plist */,
			);
			path = SimpleAppUITests;
			sourceTree = "<group>";
		};
		7601814D24C4A51C00B339E4 /* App */ = {
			isa = PBXGroup;
			children = (
				7601814E24C4A53200B339E4 /* AppState.swift */,
				7601816C24C54AC100B339E4 /* Views */,
				7675FAF824C8AC1800C95453 /* UserSettings.swift */,
			);
			path = App;
			sourceTree = "<group>";
		};
		7601816C24C54AC100B339E4 /* Views */ = {
			isa = PBXGroup;
			children = (
				76208B8B24D663DE001F46E2 /* Utility */,
				76208B8724D61C5C001F46E2 /* CKChoreViews */,
				76BADB7B24CB0D75004950C0 /* DetailViews */,
				7601817524C61E0800B339E4 /* TopViews */,
				7601817624C61E1100B339E4 /* UserView */,
			);
			path = Views;
			sourceTree = "<group>";
		};
		7601817524C61E0800B339E4 /* TopViews */ = {
			isa = PBXGroup;
			children = (
				76BADB6C24CA5A7A004950C0 /* MainView.swift */,
				76BADB7624CB0AC6004950C0 /* RowViews.swift */,
			);
			path = TopViews;
			sourceTree = "<group>";
		};
		7601817624C61E1100B339E4 /* UserView */ = {
			isa = PBXGroup;
			children = (
				7601817024C54B8800B339E4 /* PurchaseView.swift */,
				7601815F24C4B01300B339E4 /* UserView.swift */,
				76208B7F24D60051001F46E2 /* KidDetailView.swift */,
				76208B8124D6005E001F46E2 /* AdultDetailView.swift */,
			);
			path = UserView;
			sourceTree = "<group>";
		};
		76208B8724D61C5C001F46E2 /* CKChoreViews */ = {
			isa = PBXGroup;
			children = (
				76208B8524D60C12001F46E2 /* CKChoreRowView.swift */,
				76208B9124D70AC5001F46E2 /* CKChoreAddItemView.swift */,
				76208B9324D70ACE001F46E2 /* CKChoreItemView.swift */,
				76208B9524D70AD6001F46E2 /* CKChoreDetailView.swift */,
				76208B9C24D723AE001F46E2 /* CKChoreNoItemsView.swift */,
				76208B8824D61C6A001F46E2 /* CKChoreListView.swift */,
			);
			path = CKChoreViews;
			sourceTree = "<group>";
		};
		76208B8B24D663DE001F46E2 /* Utility */ = {
			isa = PBXGroup;
			children = (
				76208B8C24D663F6001F46E2 /* String+Image.swift */,
				76208B9724D71787001F46E2 /* EmojiView.swift */,
			);
			path = Utility;
			sourceTree = "<group>";
		};
		76773EA424CC828D004DC075 /* Frameworks */ = {
			isa = PBXGroup;
			children = (
				76208B7D24D5F8FE001F46E2 /* CloudKit.framework */,
			);
			name = Frameworks;
			sourceTree = "<group>";
		};
		76BADB3124CA571B004950C0 /* Resources */ = {
			isa = PBXGroup;
			children = (
				ED4DF64224D0D2010091F712 /* chore1005Guitar.jpg */,
				76BADB5024CA5877004950C0 /* choreData.json */,
				76BADB5124CA5877004950C0 /* connectData.json */,
				76BADB5224CA5877004950C0 /* funData.json */,
				76BADB3224CA5776004950C0 /* userData.json */,
				76BADB3524CA57AC004950C0 /* charleyrivers.jpg */,
				76BADB3D24CA57AD004950C0 /* chilkoottrail.jpg */,
				76BADB3824CA57AC004950C0 /* chincoteague.jpg */,
				76BADB3B24CA57AD004950C0 /* hiddenlake.jpg */,
				76BADB3F24CA57AD004950C0 /* icybay.jpg */,
				76BADB4024CA57AD004950C0 /* silversalmoncreek.jpg */,
				76BADB3424CA57AC004950C0 /* stmarylake.jpg */,
				76BADB3A24CA57AD004950C0 /* turtlerock.jpg */,
			);
			path = Resources;
			sourceTree = "<group>";
		};
		76BADB5D24CA58BB004950C0 /* Stores */ = {
			isa = PBXGroup;
			children = (
				76BADB5924CA589E004950C0 /* FunStore.swift */,
				76BADB5B24CA58B3004950C0 /* ConnectStore.swift */,
				76BADB5E24CA58D8004950C0 /* ChoreStore.swift */,
				76BADB6424CA59EE004950C0 /* Models */,
				76BADB6224CA59C4004950C0 /* ImageStore.swift */,
				76BADB8424CB1676004950C0 /* StoreConfig.swift */,
			);
			path = Stores;
			sourceTree = "<group>";
		};
		76BADB6424CA59EE004950C0 /* Models */ = {
			isa = PBXGroup;
			children = (
				7601817724C61F2400B339E4 /* PurchaseModel.swift */,
				76BADB6024CA599A004950C0 /* FunModel.swift */,
				76BADB6524CA59FC004950C0 /* ConnectModel.swift */,
				76BADB6724CA5A02004950C0 /* ChoreModel.swift */,
				7601817A24C6457C00B339E4 /* AppModel.swift */,
			);
			path = Models;
			sourceTree = "<group>";
		};
		76BADB7B24CB0D75004950C0 /* DetailViews */ = {
			isa = PBXGroup;
			children = (
				76BADB7324CB0A03004950C0 /* ChoreDetailView.swift */,
				76BADB8024CB0EAB004950C0 /* ConnectDetailView.swift */,
				76BADB7E24CB0EA3004950C0 /* FunDetailView.swift */,
				76208B8324D60AE5001F46E2 /* TextField+Helper.swift */,
			);
			path = DetailViews;
			sourceTree = "<group>";
		};
/* End PBXGroup section */

/* Begin PBXNativeTarget section */
		7601811224C4A4B400B339E4 /* SimpleApp */ = {
			isa = PBXNativeTarget;
			buildConfigurationList = 7601814024C4A4B500B339E4 /* Build configuration list for PBXNativeTarget "SimpleApp" */;
			buildPhases = (
				7601810F24C4A4B400B339E4 /* Sources */,
				7601811024C4A4B400B339E4 /* Frameworks */,
				7601811124C4A4B400B339E4 /* Resources */,
				76773EA724CC828E004DC075 /* Embed Frameworks */,
			);
			buildRules = (
			);
			dependencies = (
			);
			name = SimpleApp;
			packageProductDependencies = (
				76208B7A24D5F7A0001F46E2 /* FamilyKit */,
			);
			productName = SimpleApp;
			productReference = 7601811324C4A4B400B339E4 /* SimpleApp.app */;
			productType = "com.apple.product-type.application";
		};
		7601812B24C4A4B500B339E4 /* SimpleAppTests */ = {
			isa = PBXNativeTarget;
			buildConfigurationList = 7601814324C4A4B500B339E4 /* Build configuration list for PBXNativeTarget "SimpleAppTests" */;
			buildPhases = (
				7601812824C4A4B500B339E4 /* Sources */,
				7601812924C4A4B500B339E4 /* Frameworks */,
				7601812A24C4A4B500B339E4 /* Resources */,
			);
			buildRules = (
			);
			dependencies = (
				7601812E24C4A4B500B339E4 /* PBXTargetDependency */,
			);
			name = SimpleAppTests;
			productName = SimpleAppTests;
			productReference = 7601812C24C4A4B500B339E4 /* SimpleAppTests.xctest */;
			productType = "com.apple.product-type.bundle.unit-test";
		};
		7601813624C4A4B500B339E4 /* SimpleAppUITests */ = {
			isa = PBXNativeTarget;
			buildConfigurationList = 7601814624C4A4B500B339E4 /* Build configuration list for PBXNativeTarget "SimpleAppUITests" */;
			buildPhases = (
				7601813324C4A4B500B339E4 /* Sources */,
				7601813424C4A4B500B339E4 /* Frameworks */,
				7601813524C4A4B500B339E4 /* Resources */,
			);
			buildRules = (
			);
			dependencies = (
				7601813924C4A4B500B339E4 /* PBXTargetDependency */,
			);
			name = SimpleAppUITests;
			productName = SimpleAppUITests;
			productReference = 7601813724C4A4B500B339E4 /* SimpleAppUITests.xctest */;
			productType = "com.apple.product-type.bundle.ui-testing";
		};
/* End PBXNativeTarget section */

/* Begin PBXProject section */
		7601810B24C4A4B400B339E4 /* Project object */ = {
			isa = PBXProject;
			attributes = {
				LastSwiftUpdateCheck = 1140;
				LastUpgradeCheck = 1140;
				ORGANIZATIONNAME = jumptack;
				TargetAttributes = {
					7601811224C4A4B400B339E4 = {
						CreatedOnToolsVersion = 11.4;
					};
					7601812B24C4A4B500B339E4 = {
						CreatedOnToolsVersion = 11.4;
						TestTargetID = 7601811224C4A4B400B339E4;
					};
					7601813624C4A4B500B339E4 = {
						CreatedOnToolsVersion = 11.4;
						TestTargetID = 7601811224C4A4B400B339E4;
					};
				};
			};
			buildConfigurationList = 7601810E24C4A4B400B339E4 /* Build configuration list for PBXProject "SimpleApp" */;
			compatibilityVersion = "Xcode 9.3";
			developmentRegion = en;
			hasScannedForEncodings = 0;
			knownRegions = (
				en,
				Base,
			);
			mainGroup = 7601810A24C4A4B400B339E4;
			productRefGroup = 7601811424C4A4B400B339E4 /* Products */;
			projectDirPath = "";
			projectRoot = "";
			targets = (
				7601811224C4A4B400B339E4 /* SimpleApp */,
				7601812B24C4A4B500B339E4 /* SimpleAppTests */,
				7601813624C4A4B500B339E4 /* SimpleAppUITests */,
			);
		};
/* End PBXProject section */

/* Begin PBXResourcesBuildPhase section */
		7601811124C4A4B400B339E4 /* Resources */ = {
			isa = PBXResourcesBuildPhase;
			buildActionMask = 2147483647;
			files = (
				76BADB3324CA5776004950C0 /* userData.json in Resources */,
				76BADB4824CA57AD004950C0 /* turtlerock.jpg in Resources */,
				76BADB4224CA57AD004950C0 /* stmarylake.jpg in Resources */,
				7601812624C4A4B500B339E4 /* LaunchScreen.storyboard in Resources */,
				76BADB5424CA5877004950C0 /* connectData.json in Resources */,
				76BADB4624CA57AD004950C0 /* chincoteague.jpg in Resources */,
				76BADB5524CA5877004950C0 /* funData.json in Resources */,
				76BADB4324CA57AD004950C0 /* charleyrivers.jpg in Resources */,
				76BADB5324CA5877004950C0 /* choreData.json in Resources */,
				7601812324C4A4B500B339E4 /* Preview Assets.xcassets in Resources */,
				76BADB4D24CA57AD004950C0 /* icybay.jpg in Resources */,
				ED4DF64524D0D2010091F712 /* chore1005Guitar.jpg in Resources */,
				76BADB4E24CA57AD004950C0 /* silversalmoncreek.jpg in Resources */,
				76BADB4B24CA57AD004950C0 /* chilkoottrail.jpg in Resources */,
				76BADB4924CA57AD004950C0 /* hiddenlake.jpg in Resources */,
				7601812024C4A4B500B339E4 /* Assets.xcassets in Resources */,
			);
			runOnlyForDeploymentPostprocessing = 0;
		};
		7601812A24C4A4B500B339E4 /* Resources */ = {
			isa = PBXResourcesBuildPhase;
			buildActionMask = 2147483647;
			files = (
			);
			runOnlyForDeploymentPostprocessing = 0;
		};
		7601813524C4A4B500B339E4 /* Resources */ = {
			isa = PBXResourcesBuildPhase;
			buildActionMask = 2147483647;
			files = (
			);
			runOnlyForDeploymentPostprocessing = 0;
		};
/* End PBXResourcesBuildPhase section */

/* Begin PBXSourcesBuildPhase section */
		7601810F24C4A4B400B339E4 /* Sources */ = {
			isa = PBXSourcesBuildPhase;
			buildActionMask = 2147483647;
			files = (
				76208B8D24D663F6001F46E2 /* String+Image.swift in Sources */,
				76BADB8524CB1676004950C0 /* StoreConfig.swift in Sources */,
				76208B9D24D723AE001F46E2 /* CKChoreNoItemsView.swift in Sources */,
				76208B9824D71787001F46E2 /* EmojiView.swift in Sources */,
				7601816024C4B01300B339E4 /* UserView.swift in Sources */,
				76BADB6124CA599A004950C0 /* FunModel.swift in Sources */,
				7601817124C54B8800B339E4 /* PurchaseView.swift in Sources */,
				76208B9424D70ACE001F46E2 /* CKChoreItemView.swift in Sources */,
				76BADB7424CB0A03004950C0 /* ChoreDetailView.swift in Sources */,
				76208B8924D61C6A001F46E2 /* CKChoreListView.swift in Sources */,
				76208B9224D70AC5001F46E2 /* CKChoreAddItemView.swift in Sources */,
				76BADB6D24CA5A7A004950C0 /* MainView.swift in Sources */,
				76BADB7724CB0AC6004950C0 /* RowViews.swift in Sources */,
				7601811724C4A4B400B339E4 /* AppDelegate.swift in Sources */,
				7601814F24C4A53200B339E4 /* AppState.swift in Sources */,
				7601811924C4A4B400B339E4 /* SceneDelegate.swift in Sources */,
				7601817824C61F2400B339E4 /* PurchaseModel.swift in Sources */,
				7601817B24C6457C00B339E4 /* AppModel.swift in Sources */,
				76BADB5C24CA58B3004950C0 /* ConnectStore.swift in Sources */,
				76BADB8124CB0EAB004950C0 /* ConnectDetailView.swift in Sources */,
				76BADB6624CA59FC004950C0 /* ConnectModel.swift in Sources */,
				76208B8224D6005E001F46E2 /* AdultDetailView.swift in Sources */,
				7675FAF924C8AC1800C95453 /* UserSettings.swift in Sources */,
				76208B8024D60051001F46E2 /* KidDetailView.swift in Sources */,
				76BADB6324CA59C4004950C0 /* ImageStore.swift in Sources */,
				76BADB7F24CB0EA3004950C0 /* FunDetailView.swift in Sources */,
				76BADB5F24CA58D8004950C0 /* ChoreStore.swift in Sources */,
				76208B8424D60AE5001F46E2 /* TextField+Helper.swift in Sources */,
				76BADB5A24CA589E004950C0 /* FunStore.swift in Sources */,
				7601811E24C4A4B400B339E4 /* ContentView.swift in Sources */,
				76208B8624D60C12001F46E2 /* CKChoreRowView.swift in Sources */,
				7601811C24C4A4B400B339E4 /* SimpleApp.xcdatamodeld in Sources */,
				76BADB6824CA5A02004950C0 /* ChoreModel.swift in Sources */,
				76208B9624D70AD6001F46E2 /* CKChoreDetailView.swift in Sources */,
			);
			runOnlyForDeploymentPostprocessing = 0;
		};
		7601812824C4A4B500B339E4 /* Sources */ = {
			isa = PBXSourcesBuildPhase;
			buildActionMask = 2147483647;
			files = (
				7601813124C4A4B500B339E4 /* SimpleAppTests.swift in Sources */,
			);
			runOnlyForDeploymentPostprocessing = 0;
		};
		7601813324C4A4B500B339E4 /* Sources */ = {
			isa = PBXSourcesBuildPhase;
			buildActionMask = 2147483647;
			files = (
				7601813C24C4A4B500B339E4 /* SimpleAppUITests.swift in Sources */,
			);
			runOnlyForDeploymentPostprocessing = 0;
		};
/* End PBXSourcesBuildPhase section */

/* Begin PBXTargetDependency section */
		7601812E24C4A4B500B339E4 /* PBXTargetDependency */ = {
			isa = PBXTargetDependency;
			target = 7601811224C4A4B400B339E4 /* SimpleApp */;
			targetProxy = 7601812D24C4A4B500B339E4 /* PBXContainerItemProxy */;
		};
		7601813924C4A4B500B339E4 /* PBXTargetDependency */ = {
			isa = PBXTargetDependency;
			target = 7601811224C4A4B400B339E4 /* SimpleApp */;
			targetProxy = 7601813824C4A4B500B339E4 /* PBXContainerItemProxy */;
		};
/* End PBXTargetDependency section */

/* Begin PBXVariantGroup section */
		7601812424C4A4B500B339E4 /* LaunchScreen.storyboard */ = {
			isa = PBXVariantGroup;
			children = (
				7601812524C4A4B500B339E4 /* Base */,
			);
			name = LaunchScreen.storyboard;
			sourceTree = "<group>";
		};
/* End PBXVariantGroup section */

/* Begin XCBuildConfiguration section */
		7601813E24C4A4B500B339E4 /* Debug */ = {
			isa = XCBuildConfiguration;
			buildSettings = {
				ALWAYS_SEARCH_USER_PATHS = NO;
				CLANG_ANALYZER_NONNULL = YES;
				CLANG_ANALYZER_NUMBER_OBJECT_CONVERSION = YES_AGGRESSIVE;
				CLANG_CXX_LANGUAGE_STANDARD = "gnu++14";
				CLANG_CXX_LIBRARY = "libc++";
				CLANG_ENABLE_MODULES = YES;
				CLANG_ENABLE_OBJC_ARC = YES;
				CLANG_ENABLE_OBJC_WEAK = YES;
				CLANG_WARN_BLOCK_CAPTURE_AUTORELEASING = YES;
				CLANG_WARN_BOOL_CONVERSION = YES;
				CLANG_WARN_COMMA = YES;
				CLANG_WARN_CONSTANT_CONVERSION = YES;
				CLANG_WARN_DEPRECATED_OBJC_IMPLEMENTATIONS = YES;
				CLANG_WARN_DIRECT_OBJC_ISA_USAGE = YES_ERROR;
				CLANG_WARN_DOCUMENTATION_COMMENTS = YES;
				CLANG_WARN_EMPTY_BODY = YES;
				CLANG_WARN_ENUM_CONVERSION = YES;
				CLANG_WARN_INFINITE_RECURSION = YES;
				CLANG_WARN_INT_CONVERSION = YES;
				CLANG_WARN_NON_LITERAL_NULL_CONVERSION = YES;
				CLANG_WARN_OBJC_IMPLICIT_RETAIN_SELF = YES;
				CLANG_WARN_OBJC_LITERAL_CONVERSION = YES;
				CLANG_WARN_OBJC_ROOT_CLASS = YES_ERROR;
				CLANG_WARN_RANGE_LOOP_ANALYSIS = YES;
				CLANG_WARN_STRICT_PROTOTYPES = YES;
				CLANG_WARN_SUSPICIOUS_MOVE = YES;
				CLANG_WARN_UNGUARDED_AVAILABILITY = YES_AGGRESSIVE;
				CLANG_WARN_UNREACHABLE_CODE = YES;
				CLANG_WARN__DUPLICATE_METHOD_MATCH = YES;
				COPY_PHASE_STRIP = NO;
				DEBUG_INFORMATION_FORMAT = dwarf;
				ENABLE_STRICT_OBJC_MSGSEND = YES;
				ENABLE_TESTABILITY = YES;
				GCC_C_LANGUAGE_STANDARD = gnu11;
				GCC_DYNAMIC_NO_PIC = NO;
				GCC_NO_COMMON_BLOCKS = YES;
				GCC_OPTIMIZATION_LEVEL = 0;
				GCC_PREPROCESSOR_DEFINITIONS = (
					"DEBUG=1",
					"$(inherited)",
				);
				GCC_WARN_64_TO_32_BIT_CONVERSION = YES;
				GCC_WARN_ABOUT_RETURN_TYPE = YES_ERROR;
				GCC_WARN_UNDECLARED_SELECTOR = YES;
				GCC_WARN_UNINITIALIZED_AUTOS = YES_AGGRESSIVE;
				GCC_WARN_UNUSED_FUNCTION = YES;
				GCC_WARN_UNUSED_VARIABLE = YES;
				IPHONEOS_DEPLOYMENT_TARGET = 13.4;
				MTL_ENABLE_DEBUG_INFO = INCLUDE_SOURCE;
				MTL_FAST_MATH = YES;
				ONLY_ACTIVE_ARCH = YES;
				SDKROOT = iphoneos;
				SWIFT_ACTIVE_COMPILATION_CONDITIONS = DEBUG;
				SWIFT_OPTIMIZATION_LEVEL = "-Onone";
			};
			name = Debug;
		};
		7601813F24C4A4B500B339E4 /* Release */ = {
			isa = XCBuildConfiguration;
			buildSettings = {
				ALWAYS_SEARCH_USER_PATHS = NO;
				CLANG_ANALYZER_NONNULL = YES;
				CLANG_ANALYZER_NUMBER_OBJECT_CONVERSION = YES_AGGRESSIVE;
				CLANG_CXX_LANGUAGE_STANDARD = "gnu++14";
				CLANG_CXX_LIBRARY = "libc++";
				CLANG_ENABLE_MODULES = YES;
				CLANG_ENABLE_OBJC_ARC = YES;
				CLANG_ENABLE_OBJC_WEAK = YES;
				CLANG_WARN_BLOCK_CAPTURE_AUTORELEASING = YES;
				CLANG_WARN_BOOL_CONVERSION = YES;
				CLANG_WARN_COMMA = YES;
				CLANG_WARN_CONSTANT_CONVERSION = YES;
				CLANG_WARN_DEPRECATED_OBJC_IMPLEMENTATIONS = YES;
				CLANG_WARN_DIRECT_OBJC_ISA_USAGE = YES_ERROR;
				CLANG_WARN_DOCUMENTATION_COMMENTS = YES;
				CLANG_WARN_EMPTY_BODY = YES;
				CLANG_WARN_ENUM_CONVERSION = YES;
				CLANG_WARN_INFINITE_RECURSION = YES;
				CLANG_WARN_INT_CONVERSION = YES;
				CLANG_WARN_NON_LITERAL_NULL_CONVERSION = YES;
				CLANG_WARN_OBJC_IMPLICIT_RETAIN_SELF = YES;
				CLANG_WARN_OBJC_LITERAL_CONVERSION = YES;
				CLANG_WARN_OBJC_ROOT_CLASS = YES_ERROR;
				CLANG_WARN_RANGE_LOOP_ANALYSIS = YES;
				CLANG_WARN_STRICT_PROTOTYPES = YES;
				CLANG_WARN_SUSPICIOUS_MOVE = YES;
				CLANG_WARN_UNGUARDED_AVAILABILITY = YES_AGGRESSIVE;
				CLANG_WARN_UNREACHABLE_CODE = YES;
				CLANG_WARN__DUPLICATE_METHOD_MATCH = YES;
				COPY_PHASE_STRIP = NO;
				DEBUG_INFORMATION_FORMAT = "dwarf-with-dsym";
				ENABLE_NS_ASSERTIONS = NO;
				ENABLE_STRICT_OBJC_MSGSEND = YES;
				GCC_C_LANGUAGE_STANDARD = gnu11;
				GCC_NO_COMMON_BLOCKS = YES;
				GCC_WARN_64_TO_32_BIT_CONVERSION = YES;
				GCC_WARN_ABOUT_RETURN_TYPE = YES_ERROR;
				GCC_WARN_UNDECLARED_SELECTOR = YES;
				GCC_WARN_UNINITIALIZED_AUTOS = YES_AGGRESSIVE;
				GCC_WARN_UNUSED_FUNCTION = YES;
				GCC_WARN_UNUSED_VARIABLE = YES;
				IPHONEOS_DEPLOYMENT_TARGET = 13.4;
				MTL_ENABLE_DEBUG_INFO = NO;
				MTL_FAST_MATH = YES;
				SDKROOT = iphoneos;
				SWIFT_COMPILATION_MODE = wholemodule;
				SWIFT_OPTIMIZATION_LEVEL = "-O";
				VALIDATE_PRODUCT = YES;
			};
			name = Release;
		};
		7601814124C4A4B500B339E4 /* Debug */ = {
			isa = XCBuildConfiguration;
			buildSettings = {
				ASSETCATALOG_COMPILER_APPICON_NAME = AppIcon;
				CODE_SIGN_ENTITLEMENTS = SimpleApp/SimpleApp.entitlements;
				CODE_SIGN_STYLE = Automatic;
				CURRENT_PROJECT_VERSION = 3;
				DEVELOPMENT_ASSET_PATHS = "\"SimpleApp/Preview Content\"";
				DEVELOPMENT_TEAM = BMKEG7AHZS;
				ENABLE_PREVIEWS = YES;
				INFOPLIST_FILE = SimpleApp/Info.plist;
				LD_RUNPATH_SEARCH_PATHS = (
					"$(inherited)",
					"@executable_path/Frameworks",
				);
				MARKETING_VERSION = 1.0;
				PRODUCT_BUNDLE_IDENTIFIER = com.jumptack.SimpleApp;
				PRODUCT_NAME = "$(TARGET_NAME)";
				SWIFT_VERSION = 5.0;
				TARGETED_DEVICE_FAMILY = "1,2";
			};
			name = Debug;
		};
		7601814224C4A4B500B339E4 /* Release */ = {
			isa = XCBuildConfiguration;
			buildSettings = {
				ASSETCATALOG_COMPILER_APPICON_NAME = AppIcon;
				CODE_SIGN_ENTITLEMENTS = SimpleApp/SimpleApp.entitlements;
				CODE_SIGN_STYLE = Automatic;
				CURRENT_PROJECT_VERSION = 3;
				DEVELOPMENT_ASSET_PATHS = "\"SimpleApp/Preview Content\"";
				DEVELOPMENT_TEAM = BMKEG7AHZS;
				ENABLE_PREVIEWS = YES;
				INFOPLIST_FILE = SimpleApp/Info.plist;
				LD_RUNPATH_SEARCH_PATHS = (
					"$(inherited)",
					"@executable_path/Frameworks",
				);
				MARKETING_VERSION = 1.0;
				PRODUCT_BUNDLE_IDENTIFIER = com.jumptack.SimpleApp;
				PRODUCT_NAME = "$(TARGET_NAME)";
				SWIFT_VERSION = 5.0;
				TARGETED_DEVICE_FAMILY = "1,2";
			};
			name = Release;
		};
		7601814424C4A4B500B339E4 /* Debug */ = {
			isa = XCBuildConfiguration;
			buildSettings = {
				ALWAYS_EMBED_SWIFT_STANDARD_LIBRARIES = YES;
				BUNDLE_LOADER = "$(TEST_HOST)";
				CODE_SIGN_STYLE = Automatic;
				DEVELOPMENT_TEAM = BMKEG7AHZS;
				INFOPLIST_FILE = SimpleAppTests/Info.plist;
				IPHONEOS_DEPLOYMENT_TARGET = 13.4;
				LD_RUNPATH_SEARCH_PATHS = (
					"$(inherited)",
					"@executable_path/Frameworks",
					"@loader_path/Frameworks",
				);
				PRODUCT_BUNDLE_IDENTIFIER = com.jumptack.SimpleAppTests;
				PRODUCT_NAME = "$(TARGET_NAME)";
				SWIFT_VERSION = 5.0;
				TARGETED_DEVICE_FAMILY = "1,2";
				TEST_HOST = "$(BUILT_PRODUCTS_DIR)/SimpleApp.app/SimpleApp";
			};
			name = Debug;
		};
		7601814524C4A4B500B339E4 /* Release */ = {
			isa = XCBuildConfiguration;
			buildSettings = {
				ALWAYS_EMBED_SWIFT_STANDARD_LIBRARIES = YES;
				BUNDLE_LOADER = "$(TEST_HOST)";
				CODE_SIGN_STYLE = Automatic;
				DEVELOPMENT_TEAM = BMKEG7AHZS;
				INFOPLIST_FILE = SimpleAppTests/Info.plist;
				IPHONEOS_DEPLOYMENT_TARGET = 13.4;
				LD_RUNPATH_SEARCH_PATHS = (
					"$(inherited)",
					"@executable_path/Frameworks",
					"@loader_path/Frameworks",
				);
				PRODUCT_BUNDLE_IDENTIFIER = com.jumptack.SimpleAppTests;
				PRODUCT_NAME = "$(TARGET_NAME)";
				SWIFT_VERSION = 5.0;
				TARGETED_DEVICE_FAMILY = "1,2";
				TEST_HOST = "$(BUILT_PRODUCTS_DIR)/SimpleApp.app/SimpleApp";
			};
			name = Release;
		};
		7601814724C4A4B500B339E4 /* Debug */ = {
			isa = XCBuildConfiguration;
			buildSettings = {
				ALWAYS_EMBED_SWIFT_STANDARD_LIBRARIES = YES;
				CODE_SIGN_STYLE = Automatic;
				DEVELOPMENT_TEAM = BMKEG7AHZS;
				INFOPLIST_FILE = SimpleAppUITests/Info.plist;
				LD_RUNPATH_SEARCH_PATHS = (
					"$(inherited)",
					"@executable_path/Frameworks",
					"@loader_path/Frameworks",
				);
				PRODUCT_BUNDLE_IDENTIFIER = com.jumptack.SimpleAppUITests;
				PRODUCT_NAME = "$(TARGET_NAME)";
				SWIFT_VERSION = 5.0;
				TARGETED_DEVICE_FAMILY = "1,2";
				TEST_TARGET_NAME = SimpleApp;
			};
			name = Debug;
		};
		7601814824C4A4B500B339E4 /* Release */ = {
			isa = XCBuildConfiguration;
			buildSettings = {
				ALWAYS_EMBED_SWIFT_STANDARD_LIBRARIES = YES;
				CODE_SIGN_STYLE = Automatic;
				DEVELOPMENT_TEAM = BMKEG7AHZS;
				INFOPLIST_FILE = SimpleAppUITests/Info.plist;
				LD_RUNPATH_SEARCH_PATHS = (
					"$(inherited)",
					"@executable_path/Frameworks",
					"@loader_path/Frameworks",
				);
				PRODUCT_BUNDLE_IDENTIFIER = com.jumptack.SimpleAppUITests;
				PRODUCT_NAME = "$(TARGET_NAME)";
				SWIFT_VERSION = 5.0;
				TARGETED_DEVICE_FAMILY = "1,2";
				TEST_TARGET_NAME = SimpleApp;
			};
			name = Release;
		};
/* End XCBuildConfiguration section */

/* Begin XCConfigurationList section */
		7601810E24C4A4B400B339E4 /* Build configuration list for PBXProject "SimpleApp" */ = {
			isa = XCConfigurationList;
			buildConfigurations = (
				7601813E24C4A4B500B339E4 /* Debug */,
				7601813F24C4A4B500B339E4 /* Release */,
			);
			defaultConfigurationIsVisible = 0;
			defaultConfigurationName = Release;
		};
		7601814024C4A4B500B339E4 /* Build configuration list for PBXNativeTarget "SimpleApp" */ = {
			isa = XCConfigurationList;
			buildConfigurations = (
				7601814124C4A4B500B339E4 /* Debug */,
				7601814224C4A4B500B339E4 /* Release */,
			);
			defaultConfigurationIsVisible = 0;
			defaultConfigurationName = Release;
		};
		7601814324C4A4B500B339E4 /* Build configuration list for PBXNativeTarget "SimpleAppTests" */ = {
			isa = XCConfigurationList;
			buildConfigurations = (
				7601814424C4A4B500B339E4 /* Debug */,
				7601814524C4A4B500B339E4 /* Release */,
			);
			defaultConfigurationIsVisible = 0;
			defaultConfigurationName = Release;
		};
		7601814624C4A4B500B339E4 /* Build configuration list for PBXNativeTarget "SimpleAppUITests" */ = {
			isa = XCConfigurationList;
			buildConfigurations = (
				7601814724C4A4B500B339E4 /* Debug */,
				7601814824C4A4B500B339E4 /* Release */,
			);
			defaultConfigurationIsVisible = 0;
			defaultConfigurationName = Release;
		};
/* End XCConfigurationList section */

/* Begin XCSwiftPackageProductDependency section */
		76208B7A24D5F7A0001F46E2 /* FamilyKit */ = {
			isa = XCSwiftPackageProductDependency;
			productName = FamilyKit;
		};
/* End XCSwiftPackageProductDependency section */

/* Begin XCVersionGroup section */
		7601811A24C4A4B400B339E4 /* SimpleApp.xcdatamodeld */ = {
			isa = XCVersionGroup;
			children = (
				7601811B24C4A4B400B339E4 /* SimpleApp.xcdatamodel */,
			);
			currentVersion = 7601811B24C4A4B400B339E4 /* SimpleApp.xcdatamodel */;
			path = SimpleApp.xcdatamodeld;
			sourceTree = "<group>";
			versionGroupType = wrapper.xcdatamodel;
		};
/* End XCVersionGroup section */
	};
	rootObject = 7601810B24C4A4B400B339E4 /* Project object */;
}
